
Microsoft Visual Studio Solution File, Format Version 12.00
# Visual Studio 15
VisualStudioVersion = 15.0.26403.7
MinimumVisualStudioVersion = 10.0.40219.1
Project("{FAE04EC0-301F-11D3-BF4B-00C04F79EFBC}") = "mg_visual music", "mg_visual music\mg_visual music.csproj", "{8D50C4D0-B932-47E1-88E2-971A33A1926A}"
	ProjectSection(ProjectDependencies) = postProject
		{EBEBED4A-5B1A-4EB2-85FE-6E73C88B50DE} = {EBEBED4A-5B1A-4EB2-85FE-6E73C88B50DE}
		{883D1FB6-BB56-4D7D-9AD3-785BB2076ED9} = {883D1FB6-BB56-4D7D-9AD3-785BB2076ED9}
	EndProjectSection
EndProject
Project("{FAE04EC0-301F-11D3-BF4B-00C04F79EFBC}") = "midilib", "..\MyLibs\midilib\midilib.csproj", "{F46482EC-DD3F-43B4-8D80-CB706A0B0EA4}"
EndProject
Project("{8BC9CEB8-8B4A-11D0-8D11-00A0C91BC942}") = "Media", "..\..\c++\MyLibs\Media\Media\Media.vcxproj", "{883D1FB6-BB56-4D7D-9AD3-785BB2076ED9}"
EndProject
Project("{2150E333-8FDC-42A3-9474-1A3956D46DE8}") = "Solution Items", "Solution Items", "{36B4ABDD-6238-44FB-8EF4-119823880343}"
EndProject
Project("{8BC9CEB8-8B4A-11D0-8D11-00A0C91BC942}") = "ExtractNotes", "..\..\c++\MyLibs\NoteExtractor\NoteExtractor.vcxproj", "{EBEBED4A-5B1A-4EB2-85FE-6E73C88B50DE}"
EndProject
Global
	GlobalSection(SolutionConfigurationPlatforms) = preSolution
		Debug|Any CPU = Debug|Any CPU
		Debug|x86 = Debug|x86
		Release|Any CPU = Release|Any CPU
		Release|x86 = Release|x86
	EndGlobalSection
	GlobalSection(ProjectConfigurationPlatforms) = postSolution
		{8D50C4D0-B932-47E1-88E2-971A33A1926A}.Debug|Any CPU.ActiveCfg = Debug|x86
		{8D50C4D0-B932-47E1-88E2-971A33A1926A}.Debug|x86.ActiveCfg = Debug|x86
		{8D50C4D0-B932-47E1-88E2-971A33A1926A}.Debug|x86.Build.0 = Debug|x86
		{8D50C4D0-B932-47E1-88E2-971A33A1926A}.Release|Any CPU.ActiveCfg = Release|x86
		{8D50C4D0-B932-47E1-88E2-971A33A1926A}.Release|x86.ActiveCfg = Release|x86
		{8D50C4D0-B932-47E1-88E2-971A33A1926A}.Release|x86.Build.0 = Release|x86
		{F46482EC-DD3F-43B4-8D80-CB706A0B0EA4}.Debug|Any CPU.ActiveCfg = Debug|Any CPU
		{F46482EC-DD3F-43B4-8D80-CB706A0B0EA4}.Debug|Any CPU.Build.0 = Debug|Any CPU
		{F46482EC-DD3F-43B4-8D80-CB706A0B0EA4}.Debug|x86.ActiveCfg = Debug|Any CPU
		{F46482EC-DD3F-43B4-8D80-CB706A0B0EA4}.Debug|x86.Build.0 = Debug|Any CPU
		{F46482EC-DD3F-43B4-8D80-CB706A0B0EA4}.Release|Any CPU.ActiveCfg = Release|Any CPU
		{F46482EC-DD3F-43B4-8D80-CB706A0B0EA4}.Release|Any CPU.Build.0 = Release|Any CPU
		{F46482EC-DD3F-43B4-8D80-CB706A0B0EA4}.Release|x86.ActiveCfg = Release|Any CPU
		{F46482EC-DD3F-43B4-8D80-CB706A0B0EA4}.Release|x86.Build.0 = Release|Any CPU
		{883D1FB6-BB56-4D7D-9AD3-785BB2076ED9}.Debug|Any CPU.ActiveCfg = Debug|Win32
		{883D1FB6-BB56-4D7D-9AD3-785BB2076ED9}.Debug|x86.ActiveCfg = Debug|Win32
		{883D1FB6-BB56-4D7D-9AD3-785BB2076ED9}.Debug|x86.Build.0 = Debug|Win32
		{883D1FB6-BB56-4D7D-9AD3-785BB2076ED9}.Release|Any CPU.ActiveCfg = Release|Win32
		{883D1FB6-BB56-4D7D-9AD3-785BB2076ED9}.Release|x86.ActiveCfg = Release|Win32
		{883D1FB6-BB56-4D7D-9AD3-785BB2076ED9}.Release|x86.Build.0 = Release|Win32
		{EBEBED4A-5B1A-4EB2-85FE-6E73C88B50DE}.Debug|Any CPU.ActiveCfg = Debug|Win32
		{EBEBED4A-5B1A-4EB2-85FE-6E73C88B50DE}.Debug|x86.ActiveCfg = Debug|Win32
		{EBEBED4A-5B1A-4EB2-85FE-6E73C88B50DE}.Debug|x86.Build.0 = Debug|Win32
		{EBEBED4A-5B1A-4EB2-85FE-6E73C88B50DE}.Release|Any CPU.ActiveCfg = Release|Win32
		{EBEBED4A-5B1A-4EB2-85FE-6E73C88B50DE}.Release|x86.ActiveCfg = Release|Win32
		{EBEBED4A-5B1A-4EB2-85FE-6E73C88B50DE}.Release|x86.Build.0 = Release|Win32
	EndGlobalSection
	GlobalSection(SolutionProperties) = preSolution
		HideSolutionNode = FALSE
	EndGlobalSection
EndGlobal
