
Microsoft Visual Studio Solution File, Format Version 12.00
# Visual Studio Version 16
VisualStudioVersion = 16.0.29409.12
MinimumVisualStudioVersion = 10.0.40219.1
Project("{FAE04EC0-301F-11D3-BF4B-00C04F79EFBC}") = "VisualMusic", "VisualMusic\VisualMusic.csproj", "{8D50C4D0-B932-47E1-88E2-971A33A1926A}"
	ProjectSection(ProjectDependencies) = postProject
		{1C4BBA27-C7B8-4F3E-9071-4BDA95FDCDD9} = {1C4BBA27-C7B8-4F3E-9071-4BDA95FDCDD9}
		{EBEBED4A-5B1A-4EB2-85FE-6E73C88B50DE} = {EBEBED4A-5B1A-4EB2-85FE-6E73C88B50DE}
		{C118ACA9-74E7-4433-8433-452B33A77716} = {C118ACA9-74E7-4433-8433-452B33A77716}
		{883D1FB6-BB56-4D7D-9AD3-785BB2076ED9} = {883D1FB6-BB56-4D7D-9AD3-785BB2076ED9}
		{755B2ED6-5539-479A-87EB-25E40BC37540} = {755B2ED6-5539-479A-87EB-25E40BC37540}
	EndProjectSection
EndProject
Project("{2150E333-8FDC-42A3-9474-1A3956D46DE8}") = "Solution Items", "Solution Items", "{36B4ABDD-6238-44FB-8EF4-119823880343}"
	ProjectSection(SolutionItems) = preProject
		README.md = README.md
		InnoSetup\visual music setup script.iss = InnoSetup\visual music setup script.iss
	EndProjectSection
EndProject
Project("{911E67C6-3D85-4FCE-B560-20A9C3E3FF48}") = "VM", "C:\Program Files\_test\VM.exe", "{0D3A8FD4-D811-4101-A729-4E5170B0EA58}"
	ProjectSection(DebuggerProjectSystem) = preProject
		PortSupplier = 00000000-0000-0000-0000-000000000000
		Executable = C:\Program Files\Visual Music\VM.exe
		RemoteMachine = DESKTOP-SNGKJT5
		StartingDirectory = C:\Program Files\Visual Music
		Environment = Default
		LaunchingEngine = 00000000-0000-0000-0000-000000000000
		UseLegacyDebugEngines = No
		LaunchSQLEngine = No
		AttachLaunchAction = No
	EndProjectSection
EndProject
Project("{8BC9CEB8-8B4A-11D0-8D11-00A0C91BC942}") = "Media", "Dependencies\Media\Media\Media.vcxproj", "{883D1FB6-BB56-4D7D-9AD3-785BB2076ED9}"
EndProject
Project("{FAE04EC0-301F-11D3-BF4B-00C04F79EFBC}") = "midilib", "Dependencies\midilib\midilib.csproj", "{F46482EC-DD3F-43B4-8D80-CB706A0B0EA4}"
EndProject
Project("{8BC9CEB8-8B4A-11D0-8D11-00A0C91BC942}") = "MidMix", "Dependencies\MidMix\MidMix\MidMix.vcxproj", "{1C4BBA27-C7B8-4F3E-9071-4BDA95FDCDD9}"
EndProject
Project("{8BC9CEB8-8B4A-11D0-8D11-00A0C91BC942}") = "libRemuxer", "Dependencies\Remuxer\libRemuxer\libRemuxer.vcxproj", "{EBEBED4A-5B1A-4EB2-85FE-6E73C88B50DE}"
	ProjectSection(ProjectDependencies) = postProject
		{C118ACA9-74E7-4433-8433-452B33A77716} = {C118ACA9-74E7-4433-8433-452B33A77716}
		{9C5101EF-3E20-4558-809B-277FDD50E878} = {9C5101EF-3E20-4558-809B-277FDD50E878}
	EndProjectSection
EndProject
Project("{FAE04EC0-301F-11D3-BF4B-00C04F79EFBC}") = "Remuxer", "Dependencies\Remuxer\Remuxer\Remuxer.csproj", "{755B2ED6-5539-479A-87EB-25E40BC37540}"
	ProjectSection(ProjectDependencies) = postProject
		{EBEBED4A-5B1A-4EB2-85FE-6E73C88B50DE} = {EBEBED4A-5B1A-4EB2-85FE-6E73C88B50DE}
	EndProjectSection
EndProject
Project("{8BC9CEB8-8B4A-11D0-8D11-00A0C91BC942}") = "libmikmod", "Dependencies\Remuxer\libRemuxer\libmikmod\win32\VS2005\libmikmod.vcxproj", "{C118ACA9-74E7-4433-8433-452B33A77716}"
EndProject
Project("{9A19103F-16F7-4668-BE54-9A1E7A4F7556}") = "MonoGame.Framework.WindowsDX", "Dependencies\MonoGame\MonoGame.Framework\MonoGame.Framework.WindowsDX.csproj", "{1A830217-9137-4208-AC8C-C0512BE4E082}"
EndProject
Project("{8BC9CEB8-8B4A-11D0-8D11-00A0C91BC942}") = "libopenmpt", "Dependencies\Remuxer\libRemuxer\openmpt\build\vs2019win10\libopenmpt.vcxproj", "{9C5101EF-3E20-4558-809B-277FDD50E878}"
EndProject
Global
	GlobalSection(SolutionConfigurationPlatforms) = preSolution
		Checked|Any CPU = Checked|Any CPU
		Checked|ARM = Checked|ARM
		Checked|ARM64 = Checked|ARM64
		Checked|x64 = Checked|x64
		Checked|x86 = Checked|x86
		CheckedShared|Any CPU = CheckedShared|Any CPU
		CheckedShared|ARM = CheckedShared|ARM
		CheckedShared|ARM64 = CheckedShared|ARM64
		CheckedShared|x64 = CheckedShared|x64
		CheckedShared|x86 = CheckedShared|x86
		Debug|Any CPU = Debug|Any CPU
		Debug|ARM = Debug|ARM
		Debug|ARM64 = Debug|ARM64
		Debug|x64 = Debug|x64
		Debug|x86 = Debug|x86
		DebugShared|Any CPU = DebugShared|Any CPU
		DebugShared|ARM = DebugShared|ARM
		DebugShared|ARM64 = DebugShared|ARM64
		DebugShared|x64 = DebugShared|x64
		DebugShared|x86 = DebugShared|x86
		Release|Any CPU = Release|Any CPU
		Release|ARM = Release|ARM
		Release|ARM64 = Release|ARM64
		Release|x64 = Release|x64
		Release|x86 = Release|x86
		ReleaseShared|Any CPU = ReleaseShared|Any CPU
		ReleaseShared|ARM = ReleaseShared|ARM
		ReleaseShared|ARM64 = ReleaseShared|ARM64
		ReleaseShared|x64 = ReleaseShared|x64
		ReleaseShared|x86 = ReleaseShared|x86
	EndGlobalSection
	GlobalSection(ProjectConfigurationPlatforms) = postSolution
		{8D50C4D0-B932-47E1-88E2-971A33A1926A}.Checked|Any CPU.ActiveCfg = Release|Any CPU
		{8D50C4D0-B932-47E1-88E2-971A33A1926A}.Checked|Any CPU.Build.0 = Release|Any CPU
		{8D50C4D0-B932-47E1-88E2-971A33A1926A}.Checked|ARM.ActiveCfg = Release|Any CPU
		{8D50C4D0-B932-47E1-88E2-971A33A1926A}.Checked|ARM.Build.0 = Release|Any CPU
		{8D50C4D0-B932-47E1-88E2-971A33A1926A}.Checked|ARM64.ActiveCfg = Release|Any CPU
		{8D50C4D0-B932-47E1-88E2-971A33A1926A}.Checked|ARM64.Build.0 = Release|Any CPU
		{8D50C4D0-B932-47E1-88E2-971A33A1926A}.Checked|x64.ActiveCfg = Release|x64
		{8D50C4D0-B932-47E1-88E2-971A33A1926A}.Checked|x64.Build.0 = Release|x64
		{8D50C4D0-B932-47E1-88E2-971A33A1926A}.Checked|x86.ActiveCfg = Release|x86
		{8D50C4D0-B932-47E1-88E2-971A33A1926A}.Checked|x86.Build.0 = Release|x86
		{8D50C4D0-B932-47E1-88E2-971A33A1926A}.CheckedShared|Any CPU.ActiveCfg = Release|Any CPU
		{8D50C4D0-B932-47E1-88E2-971A33A1926A}.CheckedShared|Any CPU.Build.0 = Release|Any CPU
		{8D50C4D0-B932-47E1-88E2-971A33A1926A}.CheckedShared|ARM.ActiveCfg = Release|Any CPU
		{8D50C4D0-B932-47E1-88E2-971A33A1926A}.CheckedShared|ARM.Build.0 = Release|Any CPU
		{8D50C4D0-B932-47E1-88E2-971A33A1926A}.CheckedShared|ARM64.ActiveCfg = Release|Any CPU
		{8D50C4D0-B932-47E1-88E2-971A33A1926A}.CheckedShared|ARM64.Build.0 = Release|Any CPU
		{8D50C4D0-B932-47E1-88E2-971A33A1926A}.CheckedShared|x64.ActiveCfg = Release|x64
		{8D50C4D0-B932-47E1-88E2-971A33A1926A}.CheckedShared|x64.Build.0 = Release|x64
		{8D50C4D0-B932-47E1-88E2-971A33A1926A}.CheckedShared|x86.ActiveCfg = Release|x86
		{8D50C4D0-B932-47E1-88E2-971A33A1926A}.CheckedShared|x86.Build.0 = Release|x86
		{8D50C4D0-B932-47E1-88E2-971A33A1926A}.Debug|Any CPU.ActiveCfg = Debug|Any CPU
		{8D50C4D0-B932-47E1-88E2-971A33A1926A}.Debug|Any CPU.Build.0 = Debug|Any CPU
		{8D50C4D0-B932-47E1-88E2-971A33A1926A}.Debug|Any CPU.Deploy.0 = Debug|Any CPU
		{8D50C4D0-B932-47E1-88E2-971A33A1926A}.Debug|ARM.ActiveCfg = Debug|Any CPU
		{8D50C4D0-B932-47E1-88E2-971A33A1926A}.Debug|ARM.Build.0 = Debug|Any CPU
		{8D50C4D0-B932-47E1-88E2-971A33A1926A}.Debug|ARM64.ActiveCfg = Debug|Any CPU
		{8D50C4D0-B932-47E1-88E2-971A33A1926A}.Debug|ARM64.Build.0 = Debug|Any CPU
		{8D50C4D0-B932-47E1-88E2-971A33A1926A}.Debug|x64.ActiveCfg = Debug|x64
		{8D50C4D0-B932-47E1-88E2-971A33A1926A}.Debug|x64.Build.0 = Debug|x64
		{8D50C4D0-B932-47E1-88E2-971A33A1926A}.Debug|x86.ActiveCfg = Debug|x86
		{8D50C4D0-B932-47E1-88E2-971A33A1926A}.Debug|x86.Build.0 = Debug|x86
		{8D50C4D0-B932-47E1-88E2-971A33A1926A}.DebugShared|Any CPU.ActiveCfg = Debug|Any CPU
		{8D50C4D0-B932-47E1-88E2-971A33A1926A}.DebugShared|Any CPU.Build.0 = Debug|Any CPU
		{8D50C4D0-B932-47E1-88E2-971A33A1926A}.DebugShared|ARM.ActiveCfg = Debug|Any CPU
		{8D50C4D0-B932-47E1-88E2-971A33A1926A}.DebugShared|ARM.Build.0 = Debug|Any CPU
		{8D50C4D0-B932-47E1-88E2-971A33A1926A}.DebugShared|ARM64.ActiveCfg = Debug|Any CPU
		{8D50C4D0-B932-47E1-88E2-971A33A1926A}.DebugShared|ARM64.Build.0 = Debug|Any CPU
		{8D50C4D0-B932-47E1-88E2-971A33A1926A}.DebugShared|x64.ActiveCfg = Debug|x64
		{8D50C4D0-B932-47E1-88E2-971A33A1926A}.DebugShared|x64.Build.0 = Debug|x64
		{8D50C4D0-B932-47E1-88E2-971A33A1926A}.DebugShared|x86.ActiveCfg = Debug|x86
		{8D50C4D0-B932-47E1-88E2-971A33A1926A}.DebugShared|x86.Build.0 = Debug|x86
		{8D50C4D0-B932-47E1-88E2-971A33A1926A}.Release|Any CPU.ActiveCfg = Release|Any CPU
		{8D50C4D0-B932-47E1-88E2-971A33A1926A}.Release|Any CPU.Build.0 = Release|Any CPU
		{8D50C4D0-B932-47E1-88E2-971A33A1926A}.Release|Any CPU.Deploy.0 = Release|Any CPU
		{8D50C4D0-B932-47E1-88E2-971A33A1926A}.Release|ARM.ActiveCfg = Release|Any CPU
		{8D50C4D0-B932-47E1-88E2-971A33A1926A}.Release|ARM.Build.0 = Release|Any CPU
		{8D50C4D0-B932-47E1-88E2-971A33A1926A}.Release|ARM64.ActiveCfg = Release|Any CPU
		{8D50C4D0-B932-47E1-88E2-971A33A1926A}.Release|ARM64.Build.0 = Release|Any CPU
		{8D50C4D0-B932-47E1-88E2-971A33A1926A}.Release|x64.ActiveCfg = Release|x64
		{8D50C4D0-B932-47E1-88E2-971A33A1926A}.Release|x64.Build.0 = Release|x64
		{8D50C4D0-B932-47E1-88E2-971A33A1926A}.Release|x86.ActiveCfg = Release|x86
		{8D50C4D0-B932-47E1-88E2-971A33A1926A}.Release|x86.Build.0 = Release|x86
		{8D50C4D0-B932-47E1-88E2-971A33A1926A}.ReleaseShared|Any CPU.ActiveCfg = Release|Any CPU
		{8D50C4D0-B932-47E1-88E2-971A33A1926A}.ReleaseShared|Any CPU.Build.0 = Release|Any CPU
		{8D50C4D0-B932-47E1-88E2-971A33A1926A}.ReleaseShared|ARM.ActiveCfg = Release|Any CPU
		{8D50C4D0-B932-47E1-88E2-971A33A1926A}.ReleaseShared|ARM.Build.0 = Release|Any CPU
		{8D50C4D0-B932-47E1-88E2-971A33A1926A}.ReleaseShared|ARM64.ActiveCfg = Release|Any CPU
		{8D50C4D0-B932-47E1-88E2-971A33A1926A}.ReleaseShared|ARM64.Build.0 = Release|Any CPU
		{8D50C4D0-B932-47E1-88E2-971A33A1926A}.ReleaseShared|x64.ActiveCfg = Release|x64
		{8D50C4D0-B932-47E1-88E2-971A33A1926A}.ReleaseShared|x64.Build.0 = Release|x64
		{8D50C4D0-B932-47E1-88E2-971A33A1926A}.ReleaseShared|x86.ActiveCfg = Release|x86
		{8D50C4D0-B932-47E1-88E2-971A33A1926A}.ReleaseShared|x86.Build.0 = Release|x86
		{0D3A8FD4-D811-4101-A729-4E5170B0EA58}.Checked|Any CPU.ActiveCfg = Release|Any CPU
		{0D3A8FD4-D811-4101-A729-4E5170B0EA58}.Checked|ARM.ActiveCfg = Release
		{0D3A8FD4-D811-4101-A729-4E5170B0EA58}.Checked|ARM64.ActiveCfg = Release
		{0D3A8FD4-D811-4101-A729-4E5170B0EA58}.Checked|x64.ActiveCfg = Release
		{0D3A8FD4-D811-4101-A729-4E5170B0EA58}.Checked|x86.ActiveCfg = Release
		{0D3A8FD4-D811-4101-A729-4E5170B0EA58}.CheckedShared|Any CPU.ActiveCfg = Release|Any CPU
		{0D3A8FD4-D811-4101-A729-4E5170B0EA58}.CheckedShared|ARM.ActiveCfg = Release
		{0D3A8FD4-D811-4101-A729-4E5170B0EA58}.CheckedShared|ARM64.ActiveCfg = Release
		{0D3A8FD4-D811-4101-A729-4E5170B0EA58}.CheckedShared|x64.ActiveCfg = Release
		{0D3A8FD4-D811-4101-A729-4E5170B0EA58}.CheckedShared|x86.ActiveCfg = Release
		{0D3A8FD4-D811-4101-A729-4E5170B0EA58}.Debug|Any CPU.ActiveCfg = Release|Any CPU
		{0D3A8FD4-D811-4101-A729-4E5170B0EA58}.Debug|ARM.ActiveCfg = Release
		{0D3A8FD4-D811-4101-A729-4E5170B0EA58}.Debug|ARM64.ActiveCfg = Release
		{0D3A8FD4-D811-4101-A729-4E5170B0EA58}.Debug|x64.ActiveCfg = Release|Any CPU
		{0D3A8FD4-D811-4101-A729-4E5170B0EA58}.Debug|x86.ActiveCfg = Release|Any CPU
		{0D3A8FD4-D811-4101-A729-4E5170B0EA58}.DebugShared|Any CPU.ActiveCfg = Release|Any CPU
		{0D3A8FD4-D811-4101-A729-4E5170B0EA58}.DebugShared|ARM.ActiveCfg = Release
		{0D3A8FD4-D811-4101-A729-4E5170B0EA58}.DebugShared|ARM64.ActiveCfg = Release
		{0D3A8FD4-D811-4101-A729-4E5170B0EA58}.DebugShared|x64.ActiveCfg = Release
		{0D3A8FD4-D811-4101-A729-4E5170B0EA58}.DebugShared|x86.ActiveCfg = Release
		{0D3A8FD4-D811-4101-A729-4E5170B0EA58}.Release|Any CPU.ActiveCfg = Release|Any CPU
		{0D3A8FD4-D811-4101-A729-4E5170B0EA58}.Release|ARM.ActiveCfg = Release
		{0D3A8FD4-D811-4101-A729-4E5170B0EA58}.Release|ARM64.ActiveCfg = Release
		{0D3A8FD4-D811-4101-A729-4E5170B0EA58}.Release|x64.ActiveCfg = Release|Any CPU
		{0D3A8FD4-D811-4101-A729-4E5170B0EA58}.Release|x86.ActiveCfg = Release|Any CPU
		{0D3A8FD4-D811-4101-A729-4E5170B0EA58}.ReleaseShared|Any CPU.ActiveCfg = Release|Any CPU
		{0D3A8FD4-D811-4101-A729-4E5170B0EA58}.ReleaseShared|ARM.ActiveCfg = Release
		{0D3A8FD4-D811-4101-A729-4E5170B0EA58}.ReleaseShared|ARM64.ActiveCfg = Release
		{0D3A8FD4-D811-4101-A729-4E5170B0EA58}.ReleaseShared|x64.ActiveCfg = Release
		{0D3A8FD4-D811-4101-A729-4E5170B0EA58}.ReleaseShared|x86.ActiveCfg = Release
		{883D1FB6-BB56-4D7D-9AD3-785BB2076ED9}.Checked|Any CPU.ActiveCfg = Release|Win32
		{883D1FB6-BB56-4D7D-9AD3-785BB2076ED9}.Checked|Any CPU.Build.0 = Release|Win32
		{883D1FB6-BB56-4D7D-9AD3-785BB2076ED9}.Checked|ARM.ActiveCfg = Release|Win32
		{883D1FB6-BB56-4D7D-9AD3-785BB2076ED9}.Checked|ARM.Build.0 = Release|Win32
		{883D1FB6-BB56-4D7D-9AD3-785BB2076ED9}.Checked|ARM64.ActiveCfg = Release|Win32
		{883D1FB6-BB56-4D7D-9AD3-785BB2076ED9}.Checked|ARM64.Build.0 = Release|Win32
		{883D1FB6-BB56-4D7D-9AD3-785BB2076ED9}.Checked|x64.ActiveCfg = Release|x64
		{883D1FB6-BB56-4D7D-9AD3-785BB2076ED9}.Checked|x64.Build.0 = Release|x64
		{883D1FB6-BB56-4D7D-9AD3-785BB2076ED9}.Checked|x86.ActiveCfg = Release|Win32
		{883D1FB6-BB56-4D7D-9AD3-785BB2076ED9}.Checked|x86.Build.0 = Release|Win32
		{883D1FB6-BB56-4D7D-9AD3-785BB2076ED9}.CheckedShared|Any CPU.ActiveCfg = Release|Win32
		{883D1FB6-BB56-4D7D-9AD3-785BB2076ED9}.CheckedShared|Any CPU.Build.0 = Release|Win32
		{883D1FB6-BB56-4D7D-9AD3-785BB2076ED9}.CheckedShared|ARM.ActiveCfg = Release|Win32
		{883D1FB6-BB56-4D7D-9AD3-785BB2076ED9}.CheckedShared|ARM.Build.0 = Release|Win32
		{883D1FB6-BB56-4D7D-9AD3-785BB2076ED9}.CheckedShared|ARM64.ActiveCfg = Release|Win32
		{883D1FB6-BB56-4D7D-9AD3-785BB2076ED9}.CheckedShared|ARM64.Build.0 = Release|Win32
		{883D1FB6-BB56-4D7D-9AD3-785BB2076ED9}.CheckedShared|x64.ActiveCfg = Release|x64
		{883D1FB6-BB56-4D7D-9AD3-785BB2076ED9}.CheckedShared|x64.Build.0 = Release|x64
		{883D1FB6-BB56-4D7D-9AD3-785BB2076ED9}.CheckedShared|x86.ActiveCfg = Release|Win32
		{883D1FB6-BB56-4D7D-9AD3-785BB2076ED9}.CheckedShared|x86.Build.0 = Release|Win32
		{883D1FB6-BB56-4D7D-9AD3-785BB2076ED9}.Debug|Any CPU.ActiveCfg = Debug|x64
		{883D1FB6-BB56-4D7D-9AD3-785BB2076ED9}.Debug|Any CPU.Build.0 = Debug|x64
		{883D1FB6-BB56-4D7D-9AD3-785BB2076ED9}.Debug|ARM.ActiveCfg = Debug|Win32
		{883D1FB6-BB56-4D7D-9AD3-785BB2076ED9}.Debug|ARM64.ActiveCfg = Debug|Win32
		{883D1FB6-BB56-4D7D-9AD3-785BB2076ED9}.Debug|x64.ActiveCfg = Debug|x64
		{883D1FB6-BB56-4D7D-9AD3-785BB2076ED9}.Debug|x64.Build.0 = Debug|x64
		{883D1FB6-BB56-4D7D-9AD3-785BB2076ED9}.Debug|x86.ActiveCfg = Debug|Win32
		{883D1FB6-BB56-4D7D-9AD3-785BB2076ED9}.Debug|x86.Build.0 = Debug|Win32
		{883D1FB6-BB56-4D7D-9AD3-785BB2076ED9}.DebugShared|Any CPU.ActiveCfg = Release|Win32
		{883D1FB6-BB56-4D7D-9AD3-785BB2076ED9}.DebugShared|Any CPU.Build.0 = Release|Win32
		{883D1FB6-BB56-4D7D-9AD3-785BB2076ED9}.DebugShared|ARM.ActiveCfg = Release|Win32
		{883D1FB6-BB56-4D7D-9AD3-785BB2076ED9}.DebugShared|ARM.Build.0 = Release|Win32
		{883D1FB6-BB56-4D7D-9AD3-785BB2076ED9}.DebugShared|ARM64.ActiveCfg = Release|Win32
		{883D1FB6-BB56-4D7D-9AD3-785BB2076ED9}.DebugShared|ARM64.Build.0 = Release|Win32
		{883D1FB6-BB56-4D7D-9AD3-785BB2076ED9}.DebugShared|x64.ActiveCfg = Debug|x64
		{883D1FB6-BB56-4D7D-9AD3-785BB2076ED9}.DebugShared|x64.Build.0 = Debug|x64
		{883D1FB6-BB56-4D7D-9AD3-785BB2076ED9}.DebugShared|x86.ActiveCfg = Debug|Win32
		{883D1FB6-BB56-4D7D-9AD3-785BB2076ED9}.DebugShared|x86.Build.0 = Debug|Win32
		{883D1FB6-BB56-4D7D-9AD3-785BB2076ED9}.Release|Any CPU.ActiveCfg = Release|x64
		{883D1FB6-BB56-4D7D-9AD3-785BB2076ED9}.Release|Any CPU.Build.0 = Release|x64
		{883D1FB6-BB56-4D7D-9AD3-785BB2076ED9}.Release|ARM.ActiveCfg = Release|Win32
		{883D1FB6-BB56-4D7D-9AD3-785BB2076ED9}.Release|ARM64.ActiveCfg = Release|Win32
		{883D1FB6-BB56-4D7D-9AD3-785BB2076ED9}.Release|x64.ActiveCfg = Release|x64
		{883D1FB6-BB56-4D7D-9AD3-785BB2076ED9}.Release|x64.Build.0 = Release|x64
		{883D1FB6-BB56-4D7D-9AD3-785BB2076ED9}.Release|x86.ActiveCfg = Release|Win32
		{883D1FB6-BB56-4D7D-9AD3-785BB2076ED9}.Release|x86.Build.0 = Release|Win32
		{883D1FB6-BB56-4D7D-9AD3-785BB2076ED9}.ReleaseShared|Any CPU.ActiveCfg = Release|Win32
		{883D1FB6-BB56-4D7D-9AD3-785BB2076ED9}.ReleaseShared|Any CPU.Build.0 = Release|Win32
		{883D1FB6-BB56-4D7D-9AD3-785BB2076ED9}.ReleaseShared|ARM.ActiveCfg = Release|Win32
		{883D1FB6-BB56-4D7D-9AD3-785BB2076ED9}.ReleaseShared|ARM.Build.0 = Release|Win32
		{883D1FB6-BB56-4D7D-9AD3-785BB2076ED9}.ReleaseShared|ARM64.ActiveCfg = Release|Win32
		{883D1FB6-BB56-4D7D-9AD3-785BB2076ED9}.ReleaseShared|ARM64.Build.0 = Release|Win32
		{883D1FB6-BB56-4D7D-9AD3-785BB2076ED9}.ReleaseShared|x64.ActiveCfg = Release|x64
		{883D1FB6-BB56-4D7D-9AD3-785BB2076ED9}.ReleaseShared|x64.Build.0 = Release|x64
		{883D1FB6-BB56-4D7D-9AD3-785BB2076ED9}.ReleaseShared|x86.ActiveCfg = Release|Win32
		{883D1FB6-BB56-4D7D-9AD3-785BB2076ED9}.ReleaseShared|x86.Build.0 = Release|Win32
		{F46482EC-DD3F-43B4-8D80-CB706A0B0EA4}.Checked|Any CPU.ActiveCfg = Release|Any CPU
		{F46482EC-DD3F-43B4-8D80-CB706A0B0EA4}.Checked|Any CPU.Build.0 = Release|Any CPU
		{F46482EC-DD3F-43B4-8D80-CB706A0B0EA4}.Checked|ARM.ActiveCfg = Release|Any CPU
		{F46482EC-DD3F-43B4-8D80-CB706A0B0EA4}.Checked|ARM.Build.0 = Release|Any CPU
		{F46482EC-DD3F-43B4-8D80-CB706A0B0EA4}.Checked|ARM64.ActiveCfg = Release|Any CPU
		{F46482EC-DD3F-43B4-8D80-CB706A0B0EA4}.Checked|ARM64.Build.0 = Release|Any CPU
		{F46482EC-DD3F-43B4-8D80-CB706A0B0EA4}.Checked|x64.ActiveCfg = Release|x64
		{F46482EC-DD3F-43B4-8D80-CB706A0B0EA4}.Checked|x64.Build.0 = Release|x64
		{F46482EC-DD3F-43B4-8D80-CB706A0B0EA4}.Checked|x86.ActiveCfg = Release|x86
		{F46482EC-DD3F-43B4-8D80-CB706A0B0EA4}.Checked|x86.Build.0 = Release|x86
		{F46482EC-DD3F-43B4-8D80-CB706A0B0EA4}.CheckedShared|Any CPU.ActiveCfg = Release|Any CPU
		{F46482EC-DD3F-43B4-8D80-CB706A0B0EA4}.CheckedShared|Any CPU.Build.0 = Release|Any CPU
		{F46482EC-DD3F-43B4-8D80-CB706A0B0EA4}.CheckedShared|ARM.ActiveCfg = Release|Any CPU
		{F46482EC-DD3F-43B4-8D80-CB706A0B0EA4}.CheckedShared|ARM.Build.0 = Release|Any CPU
		{F46482EC-DD3F-43B4-8D80-CB706A0B0EA4}.CheckedShared|ARM64.ActiveCfg = Release|Any CPU
		{F46482EC-DD3F-43B4-8D80-CB706A0B0EA4}.CheckedShared|ARM64.Build.0 = Release|Any CPU
		{F46482EC-DD3F-43B4-8D80-CB706A0B0EA4}.CheckedShared|x64.ActiveCfg = Release|x64
		{F46482EC-DD3F-43B4-8D80-CB706A0B0EA4}.CheckedShared|x64.Build.0 = Release|x64
		{F46482EC-DD3F-43B4-8D80-CB706A0B0EA4}.CheckedShared|x86.ActiveCfg = Release|x86
		{F46482EC-DD3F-43B4-8D80-CB706A0B0EA4}.CheckedShared|x86.Build.0 = Release|x86
		{F46482EC-DD3F-43B4-8D80-CB706A0B0EA4}.Debug|Any CPU.ActiveCfg = Debug|Any CPU
		{F46482EC-DD3F-43B4-8D80-CB706A0B0EA4}.Debug|Any CPU.Build.0 = Debug|Any CPU
		{F46482EC-DD3F-43B4-8D80-CB706A0B0EA4}.Debug|ARM.ActiveCfg = Debug|Any CPU
		{F46482EC-DD3F-43B4-8D80-CB706A0B0EA4}.Debug|ARM.Build.0 = Debug|Any CPU
		{F46482EC-DD3F-43B4-8D80-CB706A0B0EA4}.Debug|ARM64.ActiveCfg = Debug|Any CPU
		{F46482EC-DD3F-43B4-8D80-CB706A0B0EA4}.Debug|ARM64.Build.0 = Debug|Any CPU
		{F46482EC-DD3F-43B4-8D80-CB706A0B0EA4}.Debug|x64.ActiveCfg = Debug|x64
		{F46482EC-DD3F-43B4-8D80-CB706A0B0EA4}.Debug|x64.Build.0 = Debug|x64
		{F46482EC-DD3F-43B4-8D80-CB706A0B0EA4}.Debug|x86.ActiveCfg = Debug|x86
		{F46482EC-DD3F-43B4-8D80-CB706A0B0EA4}.Debug|x86.Build.0 = Debug|x86
		{F46482EC-DD3F-43B4-8D80-CB706A0B0EA4}.DebugShared|Any CPU.ActiveCfg = Debug|Any CPU
		{F46482EC-DD3F-43B4-8D80-CB706A0B0EA4}.DebugShared|Any CPU.Build.0 = Debug|Any CPU
		{F46482EC-DD3F-43B4-8D80-CB706A0B0EA4}.DebugShared|ARM.ActiveCfg = Debug|Any CPU
		{F46482EC-DD3F-43B4-8D80-CB706A0B0EA4}.DebugShared|ARM.Build.0 = Debug|Any CPU
		{F46482EC-DD3F-43B4-8D80-CB706A0B0EA4}.DebugShared|ARM64.ActiveCfg = Debug|Any CPU
		{F46482EC-DD3F-43B4-8D80-CB706A0B0EA4}.DebugShared|ARM64.Build.0 = Debug|Any CPU
		{F46482EC-DD3F-43B4-8D80-CB706A0B0EA4}.DebugShared|x64.ActiveCfg = Debug|x64
		{F46482EC-DD3F-43B4-8D80-CB706A0B0EA4}.DebugShared|x64.Build.0 = Debug|x64
		{F46482EC-DD3F-43B4-8D80-CB706A0B0EA4}.DebugShared|x86.ActiveCfg = Debug|x86
		{F46482EC-DD3F-43B4-8D80-CB706A0B0EA4}.DebugShared|x86.Build.0 = Debug|x86
		{F46482EC-DD3F-43B4-8D80-CB706A0B0EA4}.Release|Any CPU.ActiveCfg = Release|Any CPU
		{F46482EC-DD3F-43B4-8D80-CB706A0B0EA4}.Release|Any CPU.Build.0 = Release|Any CPU
		{F46482EC-DD3F-43B4-8D80-CB706A0B0EA4}.Release|ARM.ActiveCfg = Release|Any CPU
		{F46482EC-DD3F-43B4-8D80-CB706A0B0EA4}.Release|ARM.Build.0 = Release|Any CPU
		{F46482EC-DD3F-43B4-8D80-CB706A0B0EA4}.Release|ARM64.ActiveCfg = Release|Any CPU
		{F46482EC-DD3F-43B4-8D80-CB706A0B0EA4}.Release|ARM64.Build.0 = Release|Any CPU
		{F46482EC-DD3F-43B4-8D80-CB706A0B0EA4}.Release|x64.ActiveCfg = Release|x64
		{F46482EC-DD3F-43B4-8D80-CB706A0B0EA4}.Release|x64.Build.0 = Release|x64
		{F46482EC-DD3F-43B4-8D80-CB706A0B0EA4}.Release|x86.ActiveCfg = Release|x86
		{F46482EC-DD3F-43B4-8D80-CB706A0B0EA4}.Release|x86.Build.0 = Release|x86
		{F46482EC-DD3F-43B4-8D80-CB706A0B0EA4}.ReleaseShared|Any CPU.ActiveCfg = Release|Any CPU
		{F46482EC-DD3F-43B4-8D80-CB706A0B0EA4}.ReleaseShared|Any CPU.Build.0 = Release|Any CPU
		{F46482EC-DD3F-43B4-8D80-CB706A0B0EA4}.ReleaseShared|ARM.ActiveCfg = Release|Any CPU
		{F46482EC-DD3F-43B4-8D80-CB706A0B0EA4}.ReleaseShared|ARM.Build.0 = Release|Any CPU
		{F46482EC-DD3F-43B4-8D80-CB706A0B0EA4}.ReleaseShared|ARM64.ActiveCfg = Release|Any CPU
		{F46482EC-DD3F-43B4-8D80-CB706A0B0EA4}.ReleaseShared|ARM64.Build.0 = Release|Any CPU
		{F46482EC-DD3F-43B4-8D80-CB706A0B0EA4}.ReleaseShared|x64.ActiveCfg = Release|x64
		{F46482EC-DD3F-43B4-8D80-CB706A0B0EA4}.ReleaseShared|x64.Build.0 = Release|x64
		{F46482EC-DD3F-43B4-8D80-CB706A0B0EA4}.ReleaseShared|x86.ActiveCfg = Release|x86
		{F46482EC-DD3F-43B4-8D80-CB706A0B0EA4}.ReleaseShared|x86.Build.0 = Release|x86
		{1C4BBA27-C7B8-4F3E-9071-4BDA95FDCDD9}.Checked|Any CPU.ActiveCfg = Release|Win32
		{1C4BBA27-C7B8-4F3E-9071-4BDA95FDCDD9}.Checked|Any CPU.Build.0 = Release|Win32
		{1C4BBA27-C7B8-4F3E-9071-4BDA95FDCDD9}.Checked|ARM.ActiveCfg = Release|Win32
		{1C4BBA27-C7B8-4F3E-9071-4BDA95FDCDD9}.Checked|ARM.Build.0 = Release|Win32
		{1C4BBA27-C7B8-4F3E-9071-4BDA95FDCDD9}.Checked|ARM64.ActiveCfg = Release|Win32
		{1C4BBA27-C7B8-4F3E-9071-4BDA95FDCDD9}.Checked|ARM64.Build.0 = Release|Win32
		{1C4BBA27-C7B8-4F3E-9071-4BDA95FDCDD9}.Checked|x64.ActiveCfg = Release|x64
		{1C4BBA27-C7B8-4F3E-9071-4BDA95FDCDD9}.Checked|x64.Build.0 = Release|x64
		{1C4BBA27-C7B8-4F3E-9071-4BDA95FDCDD9}.Checked|x86.ActiveCfg = Release|Win32
		{1C4BBA27-C7B8-4F3E-9071-4BDA95FDCDD9}.Checked|x86.Build.0 = Release|Win32
		{1C4BBA27-C7B8-4F3E-9071-4BDA95FDCDD9}.CheckedShared|Any CPU.ActiveCfg = Release|Win32
		{1C4BBA27-C7B8-4F3E-9071-4BDA95FDCDD9}.CheckedShared|Any CPU.Build.0 = Release|Win32
		{1C4BBA27-C7B8-4F3E-9071-4BDA95FDCDD9}.CheckedShared|ARM.ActiveCfg = Release|Win32
		{1C4BBA27-C7B8-4F3E-9071-4BDA95FDCDD9}.CheckedShared|ARM.Build.0 = Release|Win32
		{1C4BBA27-C7B8-4F3E-9071-4BDA95FDCDD9}.CheckedShared|ARM64.ActiveCfg = Release|Win32
		{1C4BBA27-C7B8-4F3E-9071-4BDA95FDCDD9}.CheckedShared|ARM64.Build.0 = Release|Win32
		{1C4BBA27-C7B8-4F3E-9071-4BDA95FDCDD9}.CheckedShared|x64.ActiveCfg = Release|x64
		{1C4BBA27-C7B8-4F3E-9071-4BDA95FDCDD9}.CheckedShared|x64.Build.0 = Release|x64
		{1C4BBA27-C7B8-4F3E-9071-4BDA95FDCDD9}.CheckedShared|x86.ActiveCfg = Release|Win32
		{1C4BBA27-C7B8-4F3E-9071-4BDA95FDCDD9}.CheckedShared|x86.Build.0 = Release|Win32
		{1C4BBA27-C7B8-4F3E-9071-4BDA95FDCDD9}.Debug|Any CPU.ActiveCfg = Debug|x64
		{1C4BBA27-C7B8-4F3E-9071-4BDA95FDCDD9}.Debug|Any CPU.Build.0 = Debug|x64
		{1C4BBA27-C7B8-4F3E-9071-4BDA95FDCDD9}.Debug|ARM.ActiveCfg = Debug|Win32
		{1C4BBA27-C7B8-4F3E-9071-4BDA95FDCDD9}.Debug|ARM64.ActiveCfg = Debug|Win32
		{1C4BBA27-C7B8-4F3E-9071-4BDA95FDCDD9}.Debug|x64.ActiveCfg = Debug|x64
		{1C4BBA27-C7B8-4F3E-9071-4BDA95FDCDD9}.Debug|x64.Build.0 = Debug|x64
		{1C4BBA27-C7B8-4F3E-9071-4BDA95FDCDD9}.Debug|x86.ActiveCfg = Debug|Win32
		{1C4BBA27-C7B8-4F3E-9071-4BDA95FDCDD9}.Debug|x86.Build.0 = Debug|Win32
		{1C4BBA27-C7B8-4F3E-9071-4BDA95FDCDD9}.DebugShared|Any CPU.ActiveCfg = Release|Win32
		{1C4BBA27-C7B8-4F3E-9071-4BDA95FDCDD9}.DebugShared|Any CPU.Build.0 = Release|Win32
		{1C4BBA27-C7B8-4F3E-9071-4BDA95FDCDD9}.DebugShared|ARM.ActiveCfg = Release|Win32
		{1C4BBA27-C7B8-4F3E-9071-4BDA95FDCDD9}.DebugShared|ARM.Build.0 = Release|Win32
		{1C4BBA27-C7B8-4F3E-9071-4BDA95FDCDD9}.DebugShared|ARM64.ActiveCfg = Release|Win32
		{1C4BBA27-C7B8-4F3E-9071-4BDA95FDCDD9}.DebugShared|ARM64.Build.0 = Release|Win32
		{1C4BBA27-C7B8-4F3E-9071-4BDA95FDCDD9}.DebugShared|x64.ActiveCfg = Debug|x64
		{1C4BBA27-C7B8-4F3E-9071-4BDA95FDCDD9}.DebugShared|x64.Build.0 = Debug|x64
		{1C4BBA27-C7B8-4F3E-9071-4BDA95FDCDD9}.DebugShared|x86.ActiveCfg = Debug|Win32
		{1C4BBA27-C7B8-4F3E-9071-4BDA95FDCDD9}.DebugShared|x86.Build.0 = Debug|Win32
		{1C4BBA27-C7B8-4F3E-9071-4BDA95FDCDD9}.Release|Any CPU.ActiveCfg = Release|x64
		{1C4BBA27-C7B8-4F3E-9071-4BDA95FDCDD9}.Release|Any CPU.Build.0 = Release|x64
		{1C4BBA27-C7B8-4F3E-9071-4BDA95FDCDD9}.Release|ARM.ActiveCfg = Release|Win32
		{1C4BBA27-C7B8-4F3E-9071-4BDA95FDCDD9}.Release|ARM64.ActiveCfg = Release|Win32
		{1C4BBA27-C7B8-4F3E-9071-4BDA95FDCDD9}.Release|x64.ActiveCfg = Release|x64
		{1C4BBA27-C7B8-4F3E-9071-4BDA95FDCDD9}.Release|x64.Build.0 = Release|x64
		{1C4BBA27-C7B8-4F3E-9071-4BDA95FDCDD9}.Release|x86.ActiveCfg = Release|Win32
		{1C4BBA27-C7B8-4F3E-9071-4BDA95FDCDD9}.Release|x86.Build.0 = Release|Win32
		{1C4BBA27-C7B8-4F3E-9071-4BDA95FDCDD9}.ReleaseShared|Any CPU.ActiveCfg = Release|Win32
		{1C4BBA27-C7B8-4F3E-9071-4BDA95FDCDD9}.ReleaseShared|Any CPU.Build.0 = Release|Win32
		{1C4BBA27-C7B8-4F3E-9071-4BDA95FDCDD9}.ReleaseShared|ARM.ActiveCfg = Release|Win32
		{1C4BBA27-C7B8-4F3E-9071-4BDA95FDCDD9}.ReleaseShared|ARM.Build.0 = Release|Win32
		{1C4BBA27-C7B8-4F3E-9071-4BDA95FDCDD9}.ReleaseShared|ARM64.ActiveCfg = Release|Win32
		{1C4BBA27-C7B8-4F3E-9071-4BDA95FDCDD9}.ReleaseShared|ARM64.Build.0 = Release|Win32
		{1C4BBA27-C7B8-4F3E-9071-4BDA95FDCDD9}.ReleaseShared|x64.ActiveCfg = Release|x64
		{1C4BBA27-C7B8-4F3E-9071-4BDA95FDCDD9}.ReleaseShared|x64.Build.0 = Release|x64
		{1C4BBA27-C7B8-4F3E-9071-4BDA95FDCDD9}.ReleaseShared|x86.ActiveCfg = Release|Win32
		{1C4BBA27-C7B8-4F3E-9071-4BDA95FDCDD9}.ReleaseShared|x86.Build.0 = Release|Win32
		{EBEBED4A-5B1A-4EB2-85FE-6E73C88B50DE}.Checked|Any CPU.ActiveCfg = Release|Win32
		{EBEBED4A-5B1A-4EB2-85FE-6E73C88B50DE}.Checked|Any CPU.Build.0 = Release|Win32
		{EBEBED4A-5B1A-4EB2-85FE-6E73C88B50DE}.Checked|ARM.ActiveCfg = Release|Win32
		{EBEBED4A-5B1A-4EB2-85FE-6E73C88B50DE}.Checked|ARM.Build.0 = Release|Win32
		{EBEBED4A-5B1A-4EB2-85FE-6E73C88B50DE}.Checked|ARM64.ActiveCfg = Release|Win32
		{EBEBED4A-5B1A-4EB2-85FE-6E73C88B50DE}.Checked|ARM64.Build.0 = Release|Win32
		{EBEBED4A-5B1A-4EB2-85FE-6E73C88B50DE}.Checked|x64.ActiveCfg = Release|x64
		{EBEBED4A-5B1A-4EB2-85FE-6E73C88B50DE}.Checked|x64.Build.0 = Release|x64
		{EBEBED4A-5B1A-4EB2-85FE-6E73C88B50DE}.Checked|x86.ActiveCfg = Release|Win32
		{EBEBED4A-5B1A-4EB2-85FE-6E73C88B50DE}.Checked|x86.Build.0 = Release|Win32
		{EBEBED4A-5B1A-4EB2-85FE-6E73C88B50DE}.CheckedShared|Any CPU.ActiveCfg = Release|Win32
		{EBEBED4A-5B1A-4EB2-85FE-6E73C88B50DE}.CheckedShared|Any CPU.Build.0 = Release|Win32
		{EBEBED4A-5B1A-4EB2-85FE-6E73C88B50DE}.CheckedShared|ARM.ActiveCfg = Release|Win32
		{EBEBED4A-5B1A-4EB2-85FE-6E73C88B50DE}.CheckedShared|ARM.Build.0 = Release|Win32
		{EBEBED4A-5B1A-4EB2-85FE-6E73C88B50DE}.CheckedShared|ARM64.ActiveCfg = Release|Win32
		{EBEBED4A-5B1A-4EB2-85FE-6E73C88B50DE}.CheckedShared|ARM64.Build.0 = Release|Win32
		{EBEBED4A-5B1A-4EB2-85FE-6E73C88B50DE}.CheckedShared|x64.ActiveCfg = Release|x64
		{EBEBED4A-5B1A-4EB2-85FE-6E73C88B50DE}.CheckedShared|x64.Build.0 = Release|x64
		{EBEBED4A-5B1A-4EB2-85FE-6E73C88B50DE}.CheckedShared|x86.ActiveCfg = Release|Win32
		{EBEBED4A-5B1A-4EB2-85FE-6E73C88B50DE}.CheckedShared|x86.Build.0 = Release|Win32
		{EBEBED4A-5B1A-4EB2-85FE-6E73C88B50DE}.Debug|Any CPU.ActiveCfg = Debug|x64
		{EBEBED4A-5B1A-4EB2-85FE-6E73C88B50DE}.Debug|Any CPU.Build.0 = Debug|x64
		{EBEBED4A-5B1A-4EB2-85FE-6E73C88B50DE}.Debug|ARM.ActiveCfg = Debug|Win32
		{EBEBED4A-5B1A-4EB2-85FE-6E73C88B50DE}.Debug|ARM64.ActiveCfg = Debug|Win32
		{EBEBED4A-5B1A-4EB2-85FE-6E73C88B50DE}.Debug|x64.ActiveCfg = Debug|x64
		{EBEBED4A-5B1A-4EB2-85FE-6E73C88B50DE}.Debug|x64.Build.0 = Debug|x64
		{EBEBED4A-5B1A-4EB2-85FE-6E73C88B50DE}.Debug|x86.ActiveCfg = Debug|Win32
		{EBEBED4A-5B1A-4EB2-85FE-6E73C88B50DE}.Debug|x86.Build.0 = Debug|Win32
		{EBEBED4A-5B1A-4EB2-85FE-6E73C88B50DE}.DebugShared|Any CPU.ActiveCfg = Release|Win32
		{EBEBED4A-5B1A-4EB2-85FE-6E73C88B50DE}.DebugShared|Any CPU.Build.0 = Release|Win32
		{EBEBED4A-5B1A-4EB2-85FE-6E73C88B50DE}.DebugShared|ARM.ActiveCfg = Release|Win32
		{EBEBED4A-5B1A-4EB2-85FE-6E73C88B50DE}.DebugShared|ARM.Build.0 = Release|Win32
		{EBEBED4A-5B1A-4EB2-85FE-6E73C88B50DE}.DebugShared|ARM64.ActiveCfg = Release|Win32
		{EBEBED4A-5B1A-4EB2-85FE-6E73C88B50DE}.DebugShared|ARM64.Build.0 = Release|Win32
		{EBEBED4A-5B1A-4EB2-85FE-6E73C88B50DE}.DebugShared|x64.ActiveCfg = Debug|x64
		{EBEBED4A-5B1A-4EB2-85FE-6E73C88B50DE}.DebugShared|x64.Build.0 = Debug|x64
		{EBEBED4A-5B1A-4EB2-85FE-6E73C88B50DE}.DebugShared|x86.ActiveCfg = Debug|Win32
		{EBEBED4A-5B1A-4EB2-85FE-6E73C88B50DE}.DebugShared|x86.Build.0 = Debug|Win32
		{EBEBED4A-5B1A-4EB2-85FE-6E73C88B50DE}.Release|Any CPU.ActiveCfg = Release|x64
		{EBEBED4A-5B1A-4EB2-85FE-6E73C88B50DE}.Release|Any CPU.Build.0 = Release|x64
		{EBEBED4A-5B1A-4EB2-85FE-6E73C88B50DE}.Release|ARM.ActiveCfg = Release|Win32
		{EBEBED4A-5B1A-4EB2-85FE-6E73C88B50DE}.Release|ARM64.ActiveCfg = Release|Win32
		{EBEBED4A-5B1A-4EB2-85FE-6E73C88B50DE}.Release|x64.ActiveCfg = Release|x64
		{EBEBED4A-5B1A-4EB2-85FE-6E73C88B50DE}.Release|x64.Build.0 = Release|x64
		{EBEBED4A-5B1A-4EB2-85FE-6E73C88B50DE}.Release|x86.ActiveCfg = Release|Win32
		{EBEBED4A-5B1A-4EB2-85FE-6E73C88B50DE}.Release|x86.Build.0 = Release|Win32
		{EBEBED4A-5B1A-4EB2-85FE-6E73C88B50DE}.ReleaseShared|Any CPU.ActiveCfg = Release|Win32
		{EBEBED4A-5B1A-4EB2-85FE-6E73C88B50DE}.ReleaseShared|Any CPU.Build.0 = Release|Win32
		{EBEBED4A-5B1A-4EB2-85FE-6E73C88B50DE}.ReleaseShared|ARM.ActiveCfg = Release|Win32
		{EBEBED4A-5B1A-4EB2-85FE-6E73C88B50DE}.ReleaseShared|ARM.Build.0 = Release|Win32
		{EBEBED4A-5B1A-4EB2-85FE-6E73C88B50DE}.ReleaseShared|ARM64.ActiveCfg = Release|Win32
		{EBEBED4A-5B1A-4EB2-85FE-6E73C88B50DE}.ReleaseShared|ARM64.Build.0 = Release|Win32
		{EBEBED4A-5B1A-4EB2-85FE-6E73C88B50DE}.ReleaseShared|x64.ActiveCfg = Release|x64
		{EBEBED4A-5B1A-4EB2-85FE-6E73C88B50DE}.ReleaseShared|x64.Build.0 = Release|x64
		{EBEBED4A-5B1A-4EB2-85FE-6E73C88B50DE}.ReleaseShared|x86.ActiveCfg = Release|Win32
		{EBEBED4A-5B1A-4EB2-85FE-6E73C88B50DE}.ReleaseShared|x86.Build.0 = Release|Win32
		{755B2ED6-5539-479A-87EB-25E40BC37540}.Checked|Any CPU.ActiveCfg = Release|Any CPU
		{755B2ED6-5539-479A-87EB-25E40BC37540}.Checked|Any CPU.Build.0 = Release|Any CPU
		{755B2ED6-5539-479A-87EB-25E40BC37540}.Checked|ARM.ActiveCfg = Release|Any CPU
		{755B2ED6-5539-479A-87EB-25E40BC37540}.Checked|ARM.Build.0 = Release|Any CPU
		{755B2ED6-5539-479A-87EB-25E40BC37540}.Checked|ARM64.ActiveCfg = Release|Any CPU
		{755B2ED6-5539-479A-87EB-25E40BC37540}.Checked|ARM64.Build.0 = Release|Any CPU
		{755B2ED6-5539-479A-87EB-25E40BC37540}.Checked|x64.ActiveCfg = Release|Any CPU
		{755B2ED6-5539-479A-87EB-25E40BC37540}.Checked|x64.Build.0 = Release|Any CPU
		{755B2ED6-5539-479A-87EB-25E40BC37540}.Checked|x86.ActiveCfg = Release|Any CPU
		{755B2ED6-5539-479A-87EB-25E40BC37540}.Checked|x86.Build.0 = Release|Any CPU
		{755B2ED6-5539-479A-87EB-25E40BC37540}.CheckedShared|Any CPU.ActiveCfg = Release|Any CPU
		{755B2ED6-5539-479A-87EB-25E40BC37540}.CheckedShared|Any CPU.Build.0 = Release|Any CPU
		{755B2ED6-5539-479A-87EB-25E40BC37540}.CheckedShared|ARM.ActiveCfg = Release|Any CPU
		{755B2ED6-5539-479A-87EB-25E40BC37540}.CheckedShared|ARM.Build.0 = Release|Any CPU
		{755B2ED6-5539-479A-87EB-25E40BC37540}.CheckedShared|ARM64.ActiveCfg = Release|Any CPU
		{755B2ED6-5539-479A-87EB-25E40BC37540}.CheckedShared|ARM64.Build.0 = Release|Any CPU
		{755B2ED6-5539-479A-87EB-25E40BC37540}.CheckedShared|x64.ActiveCfg = Release|Any CPU
		{755B2ED6-5539-479A-87EB-25E40BC37540}.CheckedShared|x64.Build.0 = Release|Any CPU
		{755B2ED6-5539-479A-87EB-25E40BC37540}.CheckedShared|x86.ActiveCfg = Release|Any CPU
		{755B2ED6-5539-479A-87EB-25E40BC37540}.CheckedShared|x86.Build.0 = Release|Any CPU
		{755B2ED6-5539-479A-87EB-25E40BC37540}.Debug|Any CPU.ActiveCfg = Debug|Any CPU
		{755B2ED6-5539-479A-87EB-25E40BC37540}.Debug|Any CPU.Build.0 = Debug|Any CPU
		{755B2ED6-5539-479A-87EB-25E40BC37540}.Debug|ARM.ActiveCfg = Debug|Any CPU
		{755B2ED6-5539-479A-87EB-25E40BC37540}.Debug|ARM.Build.0 = Debug|Any CPU
		{755B2ED6-5539-479A-87EB-25E40BC37540}.Debug|ARM64.ActiveCfg = Debug|Any CPU
		{755B2ED6-5539-479A-87EB-25E40BC37540}.Debug|ARM64.Build.0 = Debug|Any CPU
		{755B2ED6-5539-479A-87EB-25E40BC37540}.Debug|x64.ActiveCfg = Debug|Any CPU
		{755B2ED6-5539-479A-87EB-25E40BC37540}.Debug|x64.Build.0 = Debug|Any CPU
		{755B2ED6-5539-479A-87EB-25E40BC37540}.Debug|x86.ActiveCfg = Debug|Any CPU
		{755B2ED6-5539-479A-87EB-25E40BC37540}.Debug|x86.Build.0 = Debug|Any CPU
		{755B2ED6-5539-479A-87EB-25E40BC37540}.DebugShared|Any CPU.ActiveCfg = Debug|Any CPU
		{755B2ED6-5539-479A-87EB-25E40BC37540}.DebugShared|Any CPU.Build.0 = Debug|Any CPU
		{755B2ED6-5539-479A-87EB-25E40BC37540}.DebugShared|ARM.ActiveCfg = Debug|Any CPU
		{755B2ED6-5539-479A-87EB-25E40BC37540}.DebugShared|ARM.Build.0 = Debug|Any CPU
		{755B2ED6-5539-479A-87EB-25E40BC37540}.DebugShared|ARM64.ActiveCfg = Debug|Any CPU
		{755B2ED6-5539-479A-87EB-25E40BC37540}.DebugShared|ARM64.Build.0 = Debug|Any CPU
		{755B2ED6-5539-479A-87EB-25E40BC37540}.DebugShared|x64.ActiveCfg = Debug|Any CPU
		{755B2ED6-5539-479A-87EB-25E40BC37540}.DebugShared|x64.Build.0 = Debug|Any CPU
		{755B2ED6-5539-479A-87EB-25E40BC37540}.DebugShared|x86.ActiveCfg = Debug|Any CPU
		{755B2ED6-5539-479A-87EB-25E40BC37540}.DebugShared|x86.Build.0 = Debug|Any CPU
		{755B2ED6-5539-479A-87EB-25E40BC37540}.Release|Any CPU.ActiveCfg = Release|Any CPU
		{755B2ED6-5539-479A-87EB-25E40BC37540}.Release|Any CPU.Build.0 = Release|Any CPU
		{755B2ED6-5539-479A-87EB-25E40BC37540}.Release|ARM.ActiveCfg = Release|Any CPU
		{755B2ED6-5539-479A-87EB-25E40BC37540}.Release|ARM.Build.0 = Release|Any CPU
		{755B2ED6-5539-479A-87EB-25E40BC37540}.Release|ARM64.ActiveCfg = Release|Any CPU
		{755B2ED6-5539-479A-87EB-25E40BC37540}.Release|ARM64.Build.0 = Release|Any CPU
		{755B2ED6-5539-479A-87EB-25E40BC37540}.Release|x64.ActiveCfg = Release|Any CPU
		{755B2ED6-5539-479A-87EB-25E40BC37540}.Release|x64.Build.0 = Release|Any CPU
		{755B2ED6-5539-479A-87EB-25E40BC37540}.Release|x86.ActiveCfg = Release|Any CPU
		{755B2ED6-5539-479A-87EB-25E40BC37540}.Release|x86.Build.0 = Release|Any CPU
		{755B2ED6-5539-479A-87EB-25E40BC37540}.ReleaseShared|Any CPU.ActiveCfg = Release|Any CPU
		{755B2ED6-5539-479A-87EB-25E40BC37540}.ReleaseShared|Any CPU.Build.0 = Release|Any CPU
		{755B2ED6-5539-479A-87EB-25E40BC37540}.ReleaseShared|ARM.ActiveCfg = Release|Any CPU
		{755B2ED6-5539-479A-87EB-25E40BC37540}.ReleaseShared|ARM.Build.0 = Release|Any CPU
		{755B2ED6-5539-479A-87EB-25E40BC37540}.ReleaseShared|ARM64.ActiveCfg = Release|Any CPU
		{755B2ED6-5539-479A-87EB-25E40BC37540}.ReleaseShared|ARM64.Build.0 = Release|Any CPU
		{755B2ED6-5539-479A-87EB-25E40BC37540}.ReleaseShared|x64.ActiveCfg = Release|Any CPU
		{755B2ED6-5539-479A-87EB-25E40BC37540}.ReleaseShared|x64.Build.0 = Release|Any CPU
		{755B2ED6-5539-479A-87EB-25E40BC37540}.ReleaseShared|x86.ActiveCfg = Release|Any CPU
		{755B2ED6-5539-479A-87EB-25E40BC37540}.ReleaseShared|x86.Build.0 = Release|Any CPU
		{C118ACA9-74E7-4433-8433-452B33A77716}.Checked|Any CPU.ActiveCfg = Release|Win32
		{C118ACA9-74E7-4433-8433-452B33A77716}.Checked|Any CPU.Build.0 = Release|Win32
		{C118ACA9-74E7-4433-8433-452B33A77716}.Checked|ARM.ActiveCfg = Release|Win32
		{C118ACA9-74E7-4433-8433-452B33A77716}.Checked|ARM.Build.0 = Release|Win32
		{C118ACA9-74E7-4433-8433-452B33A77716}.Checked|ARM64.ActiveCfg = Release|Win32
		{C118ACA9-74E7-4433-8433-452B33A77716}.Checked|ARM64.Build.0 = Release|Win32
		{C118ACA9-74E7-4433-8433-452B33A77716}.Checked|x64.ActiveCfg = Release|x64
		{C118ACA9-74E7-4433-8433-452B33A77716}.Checked|x64.Build.0 = Release|x64
		{C118ACA9-74E7-4433-8433-452B33A77716}.Checked|x86.ActiveCfg = Release|Win32
		{C118ACA9-74E7-4433-8433-452B33A77716}.Checked|x86.Build.0 = Release|Win32
		{C118ACA9-74E7-4433-8433-452B33A77716}.CheckedShared|Any CPU.ActiveCfg = Release|Win32
		{C118ACA9-74E7-4433-8433-452B33A77716}.CheckedShared|Any CPU.Build.0 = Release|Win32
		{C118ACA9-74E7-4433-8433-452B33A77716}.CheckedShared|ARM.ActiveCfg = Release|Win32
		{C118ACA9-74E7-4433-8433-452B33A77716}.CheckedShared|ARM.Build.0 = Release|Win32
		{C118ACA9-74E7-4433-8433-452B33A77716}.CheckedShared|ARM64.ActiveCfg = Release|Win32
		{C118ACA9-74E7-4433-8433-452B33A77716}.CheckedShared|ARM64.Build.0 = Release|Win32
		{C118ACA9-74E7-4433-8433-452B33A77716}.CheckedShared|x64.ActiveCfg = Release|x64
		{C118ACA9-74E7-4433-8433-452B33A77716}.CheckedShared|x64.Build.0 = Release|x64
		{C118ACA9-74E7-4433-8433-452B33A77716}.CheckedShared|x86.ActiveCfg = Release|Win32
		{C118ACA9-74E7-4433-8433-452B33A77716}.CheckedShared|x86.Build.0 = Release|Win32
		{C118ACA9-74E7-4433-8433-452B33A77716}.Debug|Any CPU.ActiveCfg = Debug|x64
		{C118ACA9-74E7-4433-8433-452B33A77716}.Debug|Any CPU.Build.0 = Debug|x64
		{C118ACA9-74E7-4433-8433-452B33A77716}.Debug|ARM.ActiveCfg = Debug|Win32
		{C118ACA9-74E7-4433-8433-452B33A77716}.Debug|ARM64.ActiveCfg = Debug|Win32
		{C118ACA9-74E7-4433-8433-452B33A77716}.Debug|x64.ActiveCfg = Debug|x64
		{C118ACA9-74E7-4433-8433-452B33A77716}.Debug|x64.Build.0 = Debug|x64
		{C118ACA9-74E7-4433-8433-452B33A77716}.Debug|x86.ActiveCfg = Debug|Win32
		{C118ACA9-74E7-4433-8433-452B33A77716}.Debug|x86.Build.0 = Debug|Win32
		{C118ACA9-74E7-4433-8433-452B33A77716}.DebugShared|Any CPU.ActiveCfg = Release|Win32
		{C118ACA9-74E7-4433-8433-452B33A77716}.DebugShared|Any CPU.Build.0 = Release|Win32
		{C118ACA9-74E7-4433-8433-452B33A77716}.DebugShared|ARM.ActiveCfg = Release|Win32
		{C118ACA9-74E7-4433-8433-452B33A77716}.DebugShared|ARM.Build.0 = Release|Win32
		{C118ACA9-74E7-4433-8433-452B33A77716}.DebugShared|ARM64.ActiveCfg = Release|Win32
		{C118ACA9-74E7-4433-8433-452B33A77716}.DebugShared|ARM64.Build.0 = Release|Win32
		{C118ACA9-74E7-4433-8433-452B33A77716}.DebugShared|x64.ActiveCfg = Debug|x64
		{C118ACA9-74E7-4433-8433-452B33A77716}.DebugShared|x64.Build.0 = Debug|x64
		{C118ACA9-74E7-4433-8433-452B33A77716}.DebugShared|x86.ActiveCfg = Debug|Win32
		{C118ACA9-74E7-4433-8433-452B33A77716}.DebugShared|x86.Build.0 = Debug|Win32
		{C118ACA9-74E7-4433-8433-452B33A77716}.Release|Any CPU.ActiveCfg = Release|x64
		{C118ACA9-74E7-4433-8433-452B33A77716}.Release|Any CPU.Build.0 = Release|x64
		{C118ACA9-74E7-4433-8433-452B33A77716}.Release|ARM.ActiveCfg = Release|Win32
		{C118ACA9-74E7-4433-8433-452B33A77716}.Release|ARM64.ActiveCfg = Release|Win32
		{C118ACA9-74E7-4433-8433-452B33A77716}.Release|x64.ActiveCfg = Release|x64
		{C118ACA9-74E7-4433-8433-452B33A77716}.Release|x64.Build.0 = Release|x64
		{C118ACA9-74E7-4433-8433-452B33A77716}.Release|x86.ActiveCfg = Release|Win32
		{C118ACA9-74E7-4433-8433-452B33A77716}.Release|x86.Build.0 = Release|Win32
		{C118ACA9-74E7-4433-8433-452B33A77716}.ReleaseShared|Any CPU.ActiveCfg = Release|Win32
		{C118ACA9-74E7-4433-8433-452B33A77716}.ReleaseShared|Any CPU.Build.0 = Release|Win32
		{C118ACA9-74E7-4433-8433-452B33A77716}.ReleaseShared|ARM.ActiveCfg = Release|Win32
		{C118ACA9-74E7-4433-8433-452B33A77716}.ReleaseShared|ARM.Build.0 = Release|Win32
		{C118ACA9-74E7-4433-8433-452B33A77716}.ReleaseShared|ARM64.ActiveCfg = Release|Win32
		{C118ACA9-74E7-4433-8433-452B33A77716}.ReleaseShared|ARM64.Build.0 = Release|Win32
		{C118ACA9-74E7-4433-8433-452B33A77716}.ReleaseShared|x64.ActiveCfg = Release|x64
		{C118ACA9-74E7-4433-8433-452B33A77716}.ReleaseShared|x64.Build.0 = Release|x64
		{C118ACA9-74E7-4433-8433-452B33A77716}.ReleaseShared|x86.ActiveCfg = Release|Win32
		{C118ACA9-74E7-4433-8433-452B33A77716}.ReleaseShared|x86.Build.0 = Release|Win32
		{1A830217-9137-4208-AC8C-C0512BE4E082}.Checked|Any CPU.ActiveCfg = Release|Any CPU
		{1A830217-9137-4208-AC8C-C0512BE4E082}.Checked|Any CPU.Build.0 = Release|Any CPU
		{1A830217-9137-4208-AC8C-C0512BE4E082}.Checked|ARM.ActiveCfg = Release|Any CPU
		{1A830217-9137-4208-AC8C-C0512BE4E082}.Checked|ARM.Build.0 = Release|Any CPU
		{1A830217-9137-4208-AC8C-C0512BE4E082}.Checked|ARM64.ActiveCfg = Release|Any CPU
		{1A830217-9137-4208-AC8C-C0512BE4E082}.Checked|ARM64.Build.0 = Release|Any CPU
		{1A830217-9137-4208-AC8C-C0512BE4E082}.Checked|x64.ActiveCfg = Release|Any CPU
		{1A830217-9137-4208-AC8C-C0512BE4E082}.Checked|x64.Build.0 = Release|Any CPU
		{1A830217-9137-4208-AC8C-C0512BE4E082}.Checked|x86.ActiveCfg = Release|Any CPU
		{1A830217-9137-4208-AC8C-C0512BE4E082}.Checked|x86.Build.0 = Release|Any CPU
		{1A830217-9137-4208-AC8C-C0512BE4E082}.CheckedShared|Any CPU.ActiveCfg = Release|Any CPU
		{1A830217-9137-4208-AC8C-C0512BE4E082}.CheckedShared|Any CPU.Build.0 = Release|Any CPU
		{1A830217-9137-4208-AC8C-C0512BE4E082}.CheckedShared|ARM.ActiveCfg = Release|Any CPU
		{1A830217-9137-4208-AC8C-C0512BE4E082}.CheckedShared|ARM.Build.0 = Release|Any CPU
		{1A830217-9137-4208-AC8C-C0512BE4E082}.CheckedShared|ARM64.ActiveCfg = Release|Any CPU
		{1A830217-9137-4208-AC8C-C0512BE4E082}.CheckedShared|ARM64.Build.0 = Release|Any CPU
		{1A830217-9137-4208-AC8C-C0512BE4E082}.CheckedShared|x64.ActiveCfg = Release|Any CPU
		{1A830217-9137-4208-AC8C-C0512BE4E082}.CheckedShared|x64.Build.0 = Release|Any CPU
		{1A830217-9137-4208-AC8C-C0512BE4E082}.CheckedShared|x86.ActiveCfg = Release|Any CPU
		{1A830217-9137-4208-AC8C-C0512BE4E082}.CheckedShared|x86.Build.0 = Release|Any CPU
		{1A830217-9137-4208-AC8C-C0512BE4E082}.Debug|Any CPU.ActiveCfg = Debug|Any CPU
		{1A830217-9137-4208-AC8C-C0512BE4E082}.Debug|Any CPU.Build.0 = Debug|Any CPU
		{1A830217-9137-4208-AC8C-C0512BE4E082}.Debug|ARM.ActiveCfg = Debug|Any CPU
		{1A830217-9137-4208-AC8C-C0512BE4E082}.Debug|ARM.Build.0 = Debug|Any CPU
		{1A830217-9137-4208-AC8C-C0512BE4E082}.Debug|ARM64.ActiveCfg = Debug|Any CPU
		{1A830217-9137-4208-AC8C-C0512BE4E082}.Debug|ARM64.Build.0 = Debug|Any CPU
		{1A830217-9137-4208-AC8C-C0512BE4E082}.Debug|x64.ActiveCfg = Debug|Any CPU
		{1A830217-9137-4208-AC8C-C0512BE4E082}.Debug|x64.Build.0 = Debug|Any CPU
		{1A830217-9137-4208-AC8C-C0512BE4E082}.Debug|x86.ActiveCfg = Debug|Any CPU
		{1A830217-9137-4208-AC8C-C0512BE4E082}.Debug|x86.Build.0 = Debug|Any CPU
		{1A830217-9137-4208-AC8C-C0512BE4E082}.DebugShared|Any CPU.ActiveCfg = Debug|Any CPU
		{1A830217-9137-4208-AC8C-C0512BE4E082}.DebugShared|Any CPU.Build.0 = Debug|Any CPU
		{1A830217-9137-4208-AC8C-C0512BE4E082}.DebugShared|ARM.ActiveCfg = Debug|Any CPU
		{1A830217-9137-4208-AC8C-C0512BE4E082}.DebugShared|ARM.Build.0 = Debug|Any CPU
		{1A830217-9137-4208-AC8C-C0512BE4E082}.DebugShared|ARM64.ActiveCfg = Debug|Any CPU
		{1A830217-9137-4208-AC8C-C0512BE4E082}.DebugShared|ARM64.Build.0 = Debug|Any CPU
		{1A830217-9137-4208-AC8C-C0512BE4E082}.DebugShared|x64.ActiveCfg = Debug|Any CPU
		{1A830217-9137-4208-AC8C-C0512BE4E082}.DebugShared|x64.Build.0 = Debug|Any CPU
		{1A830217-9137-4208-AC8C-C0512BE4E082}.DebugShared|x86.ActiveCfg = Debug|Any CPU
		{1A830217-9137-4208-AC8C-C0512BE4E082}.DebugShared|x86.Build.0 = Debug|Any CPU
		{1A830217-9137-4208-AC8C-C0512BE4E082}.Release|Any CPU.ActiveCfg = Release|Any CPU
		{1A830217-9137-4208-AC8C-C0512BE4E082}.Release|Any CPU.Build.0 = Release|Any CPU
		{1A830217-9137-4208-AC8C-C0512BE4E082}.Release|ARM.ActiveCfg = Release|Any CPU
		{1A830217-9137-4208-AC8C-C0512BE4E082}.Release|ARM.Build.0 = Release|Any CPU
		{1A830217-9137-4208-AC8C-C0512BE4E082}.Release|ARM64.ActiveCfg = Release|Any CPU
		{1A830217-9137-4208-AC8C-C0512BE4E082}.Release|ARM64.Build.0 = Release|Any CPU
		{1A830217-9137-4208-AC8C-C0512BE4E082}.Release|x64.ActiveCfg = Release|Any CPU
		{1A830217-9137-4208-AC8C-C0512BE4E082}.Release|x64.Build.0 = Release|Any CPU
		{1A830217-9137-4208-AC8C-C0512BE4E082}.Release|x86.ActiveCfg = Release|Any CPU
		{1A830217-9137-4208-AC8C-C0512BE4E082}.Release|x86.Build.0 = Release|Any CPU
		{1A830217-9137-4208-AC8C-C0512BE4E082}.ReleaseShared|Any CPU.ActiveCfg = Release|Any CPU
		{1A830217-9137-4208-AC8C-C0512BE4E082}.ReleaseShared|Any CPU.Build.0 = Release|Any CPU
		{1A830217-9137-4208-AC8C-C0512BE4E082}.ReleaseShared|ARM.ActiveCfg = Release|Any CPU
		{1A830217-9137-4208-AC8C-C0512BE4E082}.ReleaseShared|ARM.Build.0 = Release|Any CPU
		{1A830217-9137-4208-AC8C-C0512BE4E082}.ReleaseShared|ARM64.ActiveCfg = Release|Any CPU
		{1A830217-9137-4208-AC8C-C0512BE4E082}.ReleaseShared|ARM64.Build.0 = Release|Any CPU
		{1A830217-9137-4208-AC8C-C0512BE4E082}.ReleaseShared|x64.ActiveCfg = Release|Any CPU
		{1A830217-9137-4208-AC8C-C0512BE4E082}.ReleaseShared|x64.Build.0 = Release|Any CPU
		{1A830217-9137-4208-AC8C-C0512BE4E082}.ReleaseShared|x86.ActiveCfg = Release|Any CPU
		{1A830217-9137-4208-AC8C-C0512BE4E082}.ReleaseShared|x86.Build.0 = Release|Any CPU
		{9C5101EF-3E20-4558-809B-277FDD50E878}.Checked|Any CPU.ActiveCfg = Checked|Win32
		{9C5101EF-3E20-4558-809B-277FDD50E878}.Checked|ARM.ActiveCfg = Checked|ARM
		{9C5101EF-3E20-4558-809B-277FDD50E878}.Checked|ARM.Build.0 = Checked|ARM
		{9C5101EF-3E20-4558-809B-277FDD50E878}.Checked|ARM64.ActiveCfg = Checked|ARM64
		{9C5101EF-3E20-4558-809B-277FDD50E878}.Checked|ARM64.Build.0 = Checked|ARM64
		{9C5101EF-3E20-4558-809B-277FDD50E878}.Checked|x64.ActiveCfg = Checked|x64
		{9C5101EF-3E20-4558-809B-277FDD50E878}.Checked|x64.Build.0 = Checked|x64
		{9C5101EF-3E20-4558-809B-277FDD50E878}.Checked|x86.ActiveCfg = Checked|Win32
		{9C5101EF-3E20-4558-809B-277FDD50E878}.Checked|x86.Build.0 = Checked|Win32
		{9C5101EF-3E20-4558-809B-277FDD50E878}.CheckedShared|Any CPU.ActiveCfg = CheckedShared|Win32
		{9C5101EF-3E20-4558-809B-277FDD50E878}.CheckedShared|ARM.ActiveCfg = CheckedShared|ARM
		{9C5101EF-3E20-4558-809B-277FDD50E878}.CheckedShared|ARM.Build.0 = CheckedShared|ARM
		{9C5101EF-3E20-4558-809B-277FDD50E878}.CheckedShared|ARM64.ActiveCfg = CheckedShared|ARM64
		{9C5101EF-3E20-4558-809B-277FDD50E878}.CheckedShared|ARM64.Build.0 = CheckedShared|ARM64
		{9C5101EF-3E20-4558-809B-277FDD50E878}.CheckedShared|x64.ActiveCfg = CheckedShared|x64
		{9C5101EF-3E20-4558-809B-277FDD50E878}.CheckedShared|x64.Build.0 = CheckedShared|x64
		{9C5101EF-3E20-4558-809B-277FDD50E878}.CheckedShared|x86.ActiveCfg = CheckedShared|Win32
		{9C5101EF-3E20-4558-809B-277FDD50E878}.CheckedShared|x86.Build.0 = CheckedShared|Win32
		{9C5101EF-3E20-4558-809B-277FDD50E878}.Debug|Any CPU.ActiveCfg = Debug|x64
		{9C5101EF-3E20-4558-809B-277FDD50E878}.Debug|Any CPU.Build.0 = Debug|x64
		{9C5101EF-3E20-4558-809B-277FDD50E878}.Debug|ARM.ActiveCfg = Debug|ARM
		{9C5101EF-3E20-4558-809B-277FDD50E878}.Debug|ARM.Build.0 = Debug|ARM
		{9C5101EF-3E20-4558-809B-277FDD50E878}.Debug|ARM64.ActiveCfg = Debug|ARM64
		{9C5101EF-3E20-4558-809B-277FDD50E878}.Debug|ARM64.Build.0 = Debug|ARM64
		{9C5101EF-3E20-4558-809B-277FDD50E878}.Debug|x64.ActiveCfg = Debug|x64
		{9C5101EF-3E20-4558-809B-277FDD50E878}.Debug|x64.Build.0 = Debug|x64
		{9C5101EF-3E20-4558-809B-277FDD50E878}.Debug|x86.ActiveCfg = Debug|Win32
		{9C5101EF-3E20-4558-809B-277FDD50E878}.Debug|x86.Build.0 = Debug|Win32
		{9C5101EF-3E20-4558-809B-277FDD50E878}.DebugShared|Any CPU.ActiveCfg = DebugShared|Win32
		{9C5101EF-3E20-4558-809B-277FDD50E878}.DebugShared|ARM.ActiveCfg = DebugShared|ARM
		{9C5101EF-3E20-4558-809B-277FDD50E878}.DebugShared|ARM.Build.0 = DebugShared|ARM
		{9C5101EF-3E20-4558-809B-277FDD50E878}.DebugShared|ARM64.ActiveCfg = DebugShared|ARM64
		{9C5101EF-3E20-4558-809B-277FDD50E878}.DebugShared|ARM64.Build.0 = DebugShared|ARM64
		{9C5101EF-3E20-4558-809B-277FDD50E878}.DebugShared|x64.ActiveCfg = DebugShared|x64
		{9C5101EF-3E20-4558-809B-277FDD50E878}.DebugShared|x64.Build.0 = DebugShared|x64
		{9C5101EF-3E20-4558-809B-277FDD50E878}.DebugShared|x86.ActiveCfg = DebugShared|Win32
		{9C5101EF-3E20-4558-809B-277FDD50E878}.DebugShared|x86.Build.0 = DebugShared|Win32
		{9C5101EF-3E20-4558-809B-277FDD50E878}.Release|Any CPU.ActiveCfg = Release|x64
		{9C5101EF-3E20-4558-809B-277FDD50E878}.Release|Any CPU.Build.0 = Release|x64
		{9C5101EF-3E20-4558-809B-277FDD50E878}.Release|ARM.ActiveCfg = Release|ARM
		{9C5101EF-3E20-4558-809B-277FDD50E878}.Release|ARM.Build.0 = Release|ARM
		{9C5101EF-3E20-4558-809B-277FDD50E878}.Release|ARM64.ActiveCfg = Release|ARM64
		{9C5101EF-3E20-4558-809B-277FDD50E878}.Release|ARM64.Build.0 = Release|ARM64
		{9C5101EF-3E20-4558-809B-277FDD50E878}.Release|x64.ActiveCfg = Release|x64
		{9C5101EF-3E20-4558-809B-277FDD50E878}.Release|x64.Build.0 = Release|x64
		{9C5101EF-3E20-4558-809B-277FDD50E878}.Release|x86.ActiveCfg = Release|Win32
		{9C5101EF-3E20-4558-809B-277FDD50E878}.Release|x86.Build.0 = Release|Win32
		{9C5101EF-3E20-4558-809B-277FDD50E878}.ReleaseShared|Any CPU.ActiveCfg = ReleaseShared|Win32
		{9C5101EF-3E20-4558-809B-277FDD50E878}.ReleaseShared|ARM.ActiveCfg = ReleaseShared|ARM
		{9C5101EF-3E20-4558-809B-277FDD50E878}.ReleaseShared|ARM.Build.0 = ReleaseShared|ARM
		{9C5101EF-3E20-4558-809B-277FDD50E878}.ReleaseShared|ARM64.ActiveCfg = ReleaseShared|ARM64
		{9C5101EF-3E20-4558-809B-277FDD50E878}.ReleaseShared|ARM64.Build.0 = ReleaseShared|ARM64
		{9C5101EF-3E20-4558-809B-277FDD50E878}.ReleaseShared|x64.ActiveCfg = ReleaseShared|x64
		{9C5101EF-3E20-4558-809B-277FDD50E878}.ReleaseShared|x64.Build.0 = ReleaseShared|x64
		{9C5101EF-3E20-4558-809B-277FDD50E878}.ReleaseShared|x86.ActiveCfg = ReleaseShared|Win32
		{9C5101EF-3E20-4558-809B-277FDD50E878}.ReleaseShared|x86.Build.0 = ReleaseShared|Win32
	EndGlobalSection
	GlobalSection(SolutionProperties) = preSolution
		HideSolutionNode = FALSE
	EndGlobalSection
	GlobalSection(ExtensibilityGlobals) = postSolution
		SolutionGuid = {861E1B58-1E1F-4577-85A2-247515166522}
	EndGlobalSection
EndGlobal
