
Microsoft Visual Studio Solution File, Format Version 12.00
# Visual Studio Version 17
VisualStudioVersion = 17.1.32407.343
MinimumVisualStudioVersion = 10.0.40219.1
Project("{9A19103F-16F7-4668-BE54-9A1E7A4F7556}") = "VisualMusic", "VisualMusic\VisualMusic.csproj", "{8D50C4D0-B932-47E1-88E2-971A33A1926A}"
	ProjectSection(ProjectDependencies) = postProject
		{1C4BBA27-C7B8-4F3E-9071-4BDA95FDCDD9} = {1C4BBA27-C7B8-4F3E-9071-4BDA95FDCDD9}
		{EBEBED4A-5B1A-4EB2-85FE-6E73C88B50DE} = {EBEBED4A-5B1A-4EB2-85FE-6E73C88B50DE}
		{C118ACA9-74E7-4433-8433-452B33A77716} = {C118ACA9-74E7-4433-8433-452B33A77716}
		{883D1FB6-BB56-4D7D-9AD3-785BB2076ED9} = {883D1FB6-BB56-4D7D-9AD3-785BB2076ED9}
		{7ADFAFB9-0A83-4D35-9891-FB24FDF30B53} = {7ADFAFB9-0A83-4D35-9891-FB24FDF30B53}
		{755B2ED6-5539-479A-87EB-25E40BC37540} = {755B2ED6-5539-479A-87EB-25E40BC37540}
		{9C5101EF-3E20-4558-809B-277FDD50E878} = {9C5101EF-3E20-4558-809B-277FDD50E878}
	EndProjectSection
EndProject
Project("{2150E333-8FDC-42A3-9474-1A3956D46DE8}") = "Solution Items", "Solution Items", "{36B4ABDD-6238-44FB-8EF4-119823880343}"
	ProjectSection(SolutionItems) = preProject
		.gitignore = .gitignore
		InnoSetup\visual music setup script.iss = InnoSetup\visual music setup script.iss
	EndProjectSection
EndProject
Project("{911E67C6-3D85-4FCE-B560-20A9C3E3FF48}") = "VM", "C:\Program Files\_test\VM.exe", "{0D3A8FD4-D811-4101-A729-4E5170B0EA58}"
	ProjectSection(DebuggerProjectSystem) = preProject
		PortSupplier = 00000000-0000-0000-0000-000000000000
		Executable = C:\Program Files\Visual Music\VM.exe
		RemoteMachine = DESKTOP-SNGKJT5
		StartingDirectory = C:\Program Files\Visual Music
		Environment = Default
		LaunchingEngine = 00000000-0000-0000-0000-000000000000
		UseLegacyDebugEngines = No
		LaunchSQLEngine = No
		AttachLaunchAction = No
		IORedirection = Auto
	EndProjectSection
EndProject
Project("{8BC9CEB8-8B4A-11D0-8D11-00A0C91BC942}") = "Media", "Dependencies\Media\Media\Media.vcxproj", "{883D1FB6-BB56-4D7D-9AD3-785BB2076ED9}"
EndProject
Project("{FAE04EC0-301F-11D3-BF4B-00C04F79EFBC}") = "midilib", "Dependencies\midilib\midilib.csproj", "{F46482EC-DD3F-43B4-8D80-CB706A0B0EA4}"
EndProject
Project("{8BC9CEB8-8B4A-11D0-8D11-00A0C91BC942}") = "MidMix", "Dependencies\MidMix\MidMix\MidMix.vcxproj", "{1C4BBA27-C7B8-4F3E-9071-4BDA95FDCDD9}"
EndProject
Project("{8BC9CEB8-8B4A-11D0-8D11-00A0C91BC942}") = "libRemuxer", "Dependencies\Remuxer\libRemuxer\libRemuxer.vcxproj", "{EBEBED4A-5B1A-4EB2-85FE-6E73C88B50DE}"
	ProjectSection(ProjectDependencies) = postProject
		{D8D5E11C-F959-49EF-B741-B3F6DE52DED8} = {D8D5E11C-F959-49EF-B741-B3F6DE52DED8}
		{C118ACA9-74E7-4433-8433-452B33A77716} = {C118ACA9-74E7-4433-8433-452B33A77716}
		{B544DCB7-16E5-41BC-B51B-7EAD8CFDFA05} = {B544DCB7-16E5-41BC-B51B-7EAD8CFDFA05}
		{7ADFAFB9-0A83-4D35-9891-FB24FDF30B53} = {7ADFAFB9-0A83-4D35-9891-FB24FDF30B53}
		{8BF8F3E9-6409-4BAA-BC37-D602543FED04} = {8BF8F3E9-6409-4BAA-BC37-D602543FED04}
		{9C5101EF-3E20-4558-809B-277FDD50E878} = {9C5101EF-3E20-4558-809B-277FDD50E878}
	EndProjectSection
EndProject
Project("{FAE04EC0-301F-11D3-BF4B-00C04F79EFBC}") = "Remuxer", "Dependencies\Remuxer\Remuxer\Remuxer.csproj", "{755B2ED6-5539-479A-87EB-25E40BC37540}"
	ProjectSection(ProjectDependencies) = postProject
		{EBEBED4A-5B1A-4EB2-85FE-6E73C88B50DE} = {EBEBED4A-5B1A-4EB2-85FE-6E73C88B50DE}
	EndProjectSection
EndProject
Project("{2150E333-8FDC-42A3-9474-1A3956D46DE8}") = "Remuxer folder", "Remuxer folder", "{BEDBDAFB-EA4C-408A-8885-43C13C49A43F}"
	ProjectSection(SolutionItems) = preProject
		README.md = README.md
		Dependencies\Remuxer\README.md = Dependencies\Remuxer\README.md
	EndProjectSection
EndProject
Project("{2150E333-8FDC-42A3-9474-1A3956D46DE8}") = "libRemuxer sub projects", "libRemuxer sub projects", "{72FFC588-33D1-47EA-980B-183B73954F38}"
EndProject
Project("{8BC9CEB8-8B4A-11D0-8D11-00A0C91BC942}") = "libmikmod", "Dependencies\Remuxer\libRemuxer\mikmod\libmikmod\win32\VS2005\libmikmod.vcxproj", "{C118ACA9-74E7-4433-8433-452B33A77716}"
EndProject
Project("{8BC9CEB8-8B4A-11D0-8D11-00A0C91BC942}") = "libsidplayfp", "Dependencies\Remuxer\libRemuxer\libsidplayfp\libsidplayfp.vcxproj", "{8BF8F3E9-6409-4BAA-BC37-D602543FED04}"
EndProject
Project("{8BC9CEB8-8B4A-11D0-8D11-00A0C91BC942}") = "libopenmpt", "Dependencies\Remuxer\libRemuxer\openmpt\build\vs2022win10\libopenmpt.vcxproj", "{9C5101EF-3E20-4558-809B-277FDD50E878}"
EndProject
Project("{8BC9CEB8-8B4A-11D0-8D11-00A0C91BC942}") = "mpg123", "Dependencies\Remuxer\libRemuxer\openmpt\build\vs2022win10\ext\mpg123.vcxproj", "{7ADFAFB9-0A83-4D35-9891-FB24FDF30B53}"
EndProject
Project("{8BC9CEB8-8B4A-11D0-8D11-00A0C91BC942}") = "ogg", "Dependencies\Remuxer\libRemuxer\openmpt\build\vs2022win10\ext\ogg.vcxproj", "{D8D5E11C-F959-49EF-B741-B3F6DE52DED8}"
EndProject
Project("{8BC9CEB8-8B4A-11D0-8D11-00A0C91BC942}") = "vorbis", "Dependencies\Remuxer\libRemuxer\openmpt\build\vs2022win10\ext\vorbis.vcxproj", "{B544DCB7-16E5-41BC-B51B-7EAD8CFDFA05}"
EndProject
Project("{9A19103F-16F7-4668-BE54-9A1E7A4F7556}") = "MonoGame.Framework.WindowsDX", "Dependencies\MonoGame\MonoGame.Framework\MonoGame.Framework.WindowsDX.csproj", "{F1CBEDBF-6A58-4448-92F2-5427E8C75C77}"
EndProject
Global
	GlobalSection(SolutionConfigurationPlatforms) = preSolution
		Debug|Any CPU = Debug|Any CPU
		Debug|ARM = Debug|ARM
		Debug|ARM64 = Debug|ARM64
		Debug|x64 = Debug|x64
		Debug|x86 = Debug|x86
		Release|Any CPU = Release|Any CPU
		Release|ARM = Release|ARM
		Release|ARM64 = Release|ARM64
		Release|x64 = Release|x64
		Release|x86 = Release|x86
	EndGlobalSection
	GlobalSection(ProjectConfigurationPlatforms) = postSolution
		{8D50C4D0-B932-47E1-88E2-971A33A1926A}.Debug|Any CPU.ActiveCfg = Debug|Any CPU
		{8D50C4D0-B932-47E1-88E2-971A33A1926A}.Debug|Any CPU.Build.0 = Debug|Any CPU
		{8D50C4D0-B932-47E1-88E2-971A33A1926A}.Debug|Any CPU.Deploy.0 = Debug|Any CPU
		{8D50C4D0-B932-47E1-88E2-971A33A1926A}.Debug|ARM.ActiveCfg = Debug|Any CPU
		{8D50C4D0-B932-47E1-88E2-971A33A1926A}.Debug|ARM.Build.0 = Debug|Any CPU
		{8D50C4D0-B932-47E1-88E2-971A33A1926A}.Debug|ARM64.ActiveCfg = Debug|Any CPU
		{8D50C4D0-B932-47E1-88E2-971A33A1926A}.Debug|ARM64.Build.0 = Debug|Any CPU
		{8D50C4D0-B932-47E1-88E2-971A33A1926A}.Debug|x64.ActiveCfg = Debug|Any CPU
		{8D50C4D0-B932-47E1-88E2-971A33A1926A}.Debug|x64.Build.0 = Debug|Any CPU
		{8D50C4D0-B932-47E1-88E2-971A33A1926A}.Debug|x86.ActiveCfg = Debug|x86
		{8D50C4D0-B932-47E1-88E2-971A33A1926A}.Debug|x86.Build.0 = Debug|x86
		{8D50C4D0-B932-47E1-88E2-971A33A1926A}.Release|Any CPU.ActiveCfg = Release|Any CPU
		{8D50C4D0-B932-47E1-88E2-971A33A1926A}.Release|Any CPU.Build.0 = Release|Any CPU
		{8D50C4D0-B932-47E1-88E2-971A33A1926A}.Release|Any CPU.Deploy.0 = Release|Any CPU
		{8D50C4D0-B932-47E1-88E2-971A33A1926A}.Release|ARM.ActiveCfg = Release|Any CPU
		{8D50C4D0-B932-47E1-88E2-971A33A1926A}.Release|ARM.Build.0 = Release|Any CPU
		{8D50C4D0-B932-47E1-88E2-971A33A1926A}.Release|ARM64.ActiveCfg = Release|Any CPU
		{8D50C4D0-B932-47E1-88E2-971A33A1926A}.Release|ARM64.Build.0 = Release|Any CPU
		{8D50C4D0-B932-47E1-88E2-971A33A1926A}.Release|x64.ActiveCfg = Release|x64
		{8D50C4D0-B932-47E1-88E2-971A33A1926A}.Release|x64.Build.0 = Release|x64
		{8D50C4D0-B932-47E1-88E2-971A33A1926A}.Release|x86.ActiveCfg = Release|x86
		{8D50C4D0-B932-47E1-88E2-971A33A1926A}.Release|x86.Build.0 = Release|x86
		{0D3A8FD4-D811-4101-A729-4E5170B0EA58}.Debug|Any CPU.ActiveCfg = Release|Any CPU
		{0D3A8FD4-D811-4101-A729-4E5170B0EA58}.Debug|ARM.ActiveCfg = Release
		{0D3A8FD4-D811-4101-A729-4E5170B0EA58}.Debug|ARM64.ActiveCfg = Release
		{0D3A8FD4-D811-4101-A729-4E5170B0EA58}.Debug|x64.ActiveCfg = Release|Any CPU
		{0D3A8FD4-D811-4101-A729-4E5170B0EA58}.Debug|x86.ActiveCfg = Release|Any CPU
		{0D3A8FD4-D811-4101-A729-4E5170B0EA58}.Release|Any CPU.ActiveCfg = Release|Any CPU
		{0D3A8FD4-D811-4101-A729-4E5170B0EA58}.Release|ARM.ActiveCfg = Release
		{0D3A8FD4-D811-4101-A729-4E5170B0EA58}.Release|ARM64.ActiveCfg = Release
		{0D3A8FD4-D811-4101-A729-4E5170B0EA58}.Release|x64.ActiveCfg = Release|Any CPU
		{0D3A8FD4-D811-4101-A729-4E5170B0EA58}.Release|x86.ActiveCfg = Release|Any CPU
		{883D1FB6-BB56-4D7D-9AD3-785BB2076ED9}.Debug|Any CPU.ActiveCfg = Debug|x64
		{883D1FB6-BB56-4D7D-9AD3-785BB2076ED9}.Debug|Any CPU.Build.0 = Debug|x64
		{883D1FB6-BB56-4D7D-9AD3-785BB2076ED9}.Debug|ARM.ActiveCfg = Debug|Win32
		{883D1FB6-BB56-4D7D-9AD3-785BB2076ED9}.Debug|ARM64.ActiveCfg = Debug|Win32
		{883D1FB6-BB56-4D7D-9AD3-785BB2076ED9}.Debug|x64.ActiveCfg = Debug|x64
		{883D1FB6-BB56-4D7D-9AD3-785BB2076ED9}.Debug|x64.Build.0 = Debug|x64
		{883D1FB6-BB56-4D7D-9AD3-785BB2076ED9}.Debug|x86.ActiveCfg = Debug|Win32
		{883D1FB6-BB56-4D7D-9AD3-785BB2076ED9}.Debug|x86.Build.0 = Debug|Win32
		{883D1FB6-BB56-4D7D-9AD3-785BB2076ED9}.Release|Any CPU.ActiveCfg = Release|x64
		{883D1FB6-BB56-4D7D-9AD3-785BB2076ED9}.Release|Any CPU.Build.0 = Release|x64
		{883D1FB6-BB56-4D7D-9AD3-785BB2076ED9}.Release|ARM.ActiveCfg = Release|Win32
		{883D1FB6-BB56-4D7D-9AD3-785BB2076ED9}.Release|ARM64.ActiveCfg = Release|Win32
		{883D1FB6-BB56-4D7D-9AD3-785BB2076ED9}.Release|x64.ActiveCfg = Release|x64
		{883D1FB6-BB56-4D7D-9AD3-785BB2076ED9}.Release|x64.Build.0 = Release|x64
		{883D1FB6-BB56-4D7D-9AD3-785BB2076ED9}.Release|x86.ActiveCfg = Release|Win32
		{883D1FB6-BB56-4D7D-9AD3-785BB2076ED9}.Release|x86.Build.0 = Release|Win32
		{F46482EC-DD3F-43B4-8D80-CB706A0B0EA4}.Debug|Any CPU.ActiveCfg = Debug|Any CPU
		{F46482EC-DD3F-43B4-8D80-CB706A0B0EA4}.Debug|Any CPU.Build.0 = Debug|Any CPU
		{F46482EC-DD3F-43B4-8D80-CB706A0B0EA4}.Debug|ARM.ActiveCfg = Debug|Any CPU
		{F46482EC-DD3F-43B4-8D80-CB706A0B0EA4}.Debug|ARM.Build.0 = Debug|Any CPU
		{F46482EC-DD3F-43B4-8D80-CB706A0B0EA4}.Debug|ARM64.ActiveCfg = Debug|Any CPU
		{F46482EC-DD3F-43B4-8D80-CB706A0B0EA4}.Debug|ARM64.Build.0 = Debug|Any CPU
		{F46482EC-DD3F-43B4-8D80-CB706A0B0EA4}.Debug|x64.ActiveCfg = Debug|x64
		{F46482EC-DD3F-43B4-8D80-CB706A0B0EA4}.Debug|x64.Build.0 = Debug|x64
		{F46482EC-DD3F-43B4-8D80-CB706A0B0EA4}.Debug|x86.ActiveCfg = Debug|x86
		{F46482EC-DD3F-43B4-8D80-CB706A0B0EA4}.Debug|x86.Build.0 = Debug|x86
		{F46482EC-DD3F-43B4-8D80-CB706A0B0EA4}.Release|Any CPU.ActiveCfg = Release|Any CPU
		{F46482EC-DD3F-43B4-8D80-CB706A0B0EA4}.Release|Any CPU.Build.0 = Release|Any CPU
		{F46482EC-DD3F-43B4-8D80-CB706A0B0EA4}.Release|ARM.ActiveCfg = Release|Any CPU
		{F46482EC-DD3F-43B4-8D80-CB706A0B0EA4}.Release|ARM.Build.0 = Release|Any CPU
		{F46482EC-DD3F-43B4-8D80-CB706A0B0EA4}.Release|ARM64.ActiveCfg = Release|Any CPU
		{F46482EC-DD3F-43B4-8D80-CB706A0B0EA4}.Release|ARM64.Build.0 = Release|Any CPU
		{F46482EC-DD3F-43B4-8D80-CB706A0B0EA4}.Release|x64.ActiveCfg = Release|x64
		{F46482EC-DD3F-43B4-8D80-CB706A0B0EA4}.Release|x64.Build.0 = Release|x64
		{F46482EC-DD3F-43B4-8D80-CB706A0B0EA4}.Release|x86.ActiveCfg = Release|x86
		{F46482EC-DD3F-43B4-8D80-CB706A0B0EA4}.Release|x86.Build.0 = Release|x86
		{1C4BBA27-C7B8-4F3E-9071-4BDA95FDCDD9}.Debug|Any CPU.ActiveCfg = Debug|x64
		{1C4BBA27-C7B8-4F3E-9071-4BDA95FDCDD9}.Debug|Any CPU.Build.0 = Debug|x64
		{1C4BBA27-C7B8-4F3E-9071-4BDA95FDCDD9}.Debug|ARM.ActiveCfg = Debug|Win32
		{1C4BBA27-C7B8-4F3E-9071-4BDA95FDCDD9}.Debug|ARM64.ActiveCfg = Debug|Win32
		{1C4BBA27-C7B8-4F3E-9071-4BDA95FDCDD9}.Debug|x64.ActiveCfg = Debug|x64
		{1C4BBA27-C7B8-4F3E-9071-4BDA95FDCDD9}.Debug|x64.Build.0 = Debug|x64
		{1C4BBA27-C7B8-4F3E-9071-4BDA95FDCDD9}.Debug|x86.ActiveCfg = Debug|Win32
		{1C4BBA27-C7B8-4F3E-9071-4BDA95FDCDD9}.Debug|x86.Build.0 = Debug|Win32
		{1C4BBA27-C7B8-4F3E-9071-4BDA95FDCDD9}.Release|Any CPU.ActiveCfg = Release|x64
		{1C4BBA27-C7B8-4F3E-9071-4BDA95FDCDD9}.Release|Any CPU.Build.0 = Release|x64
		{1C4BBA27-C7B8-4F3E-9071-4BDA95FDCDD9}.Release|ARM.ActiveCfg = Release|Win32
		{1C4BBA27-C7B8-4F3E-9071-4BDA95FDCDD9}.Release|ARM64.ActiveCfg = Release|Win32
		{1C4BBA27-C7B8-4F3E-9071-4BDA95FDCDD9}.Release|x64.ActiveCfg = Release|x64
		{1C4BBA27-C7B8-4F3E-9071-4BDA95FDCDD9}.Release|x64.Build.0 = Release|x64
		{1C4BBA27-C7B8-4F3E-9071-4BDA95FDCDD9}.Release|x86.ActiveCfg = Release|Win32
		{1C4BBA27-C7B8-4F3E-9071-4BDA95FDCDD9}.Release|x86.Build.0 = Release|Win32
		{EBEBED4A-5B1A-4EB2-85FE-6E73C88B50DE}.Debug|Any CPU.ActiveCfg = Debug|x64
		{EBEBED4A-5B1A-4EB2-85FE-6E73C88B50DE}.Debug|Any CPU.Build.0 = Debug|x64
		{EBEBED4A-5B1A-4EB2-85FE-6E73C88B50DE}.Debug|ARM.ActiveCfg = Debug|Win32
		{EBEBED4A-5B1A-4EB2-85FE-6E73C88B50DE}.Debug|ARM64.ActiveCfg = Debug|Win32
		{EBEBED4A-5B1A-4EB2-85FE-6E73C88B50DE}.Debug|x64.ActiveCfg = Debug|x64
		{EBEBED4A-5B1A-4EB2-85FE-6E73C88B50DE}.Debug|x64.Build.0 = Debug|x64
		{EBEBED4A-5B1A-4EB2-85FE-6E73C88B50DE}.Debug|x86.ActiveCfg = Debug|Win32
		{EBEBED4A-5B1A-4EB2-85FE-6E73C88B50DE}.Debug|x86.Build.0 = Debug|Win32
		{EBEBED4A-5B1A-4EB2-85FE-6E73C88B50DE}.Release|Any CPU.ActiveCfg = Release|x64
		{EBEBED4A-5B1A-4EB2-85FE-6E73C88B50DE}.Release|Any CPU.Build.0 = Release|x64
		{EBEBED4A-5B1A-4EB2-85FE-6E73C88B50DE}.Release|ARM.ActiveCfg = Release|Win32
		{EBEBED4A-5B1A-4EB2-85FE-6E73C88B50DE}.Release|ARM64.ActiveCfg = Release|Win32
		{EBEBED4A-5B1A-4EB2-85FE-6E73C88B50DE}.Release|x64.ActiveCfg = Release|x64
		{EBEBED4A-5B1A-4EB2-85FE-6E73C88B50DE}.Release|x64.Build.0 = Release|x64
		{EBEBED4A-5B1A-4EB2-85FE-6E73C88B50DE}.Release|x86.ActiveCfg = Release|Win32
		{EBEBED4A-5B1A-4EB2-85FE-6E73C88B50DE}.Release|x86.Build.0 = Release|Win32
		{755B2ED6-5539-479A-87EB-25E40BC37540}.Debug|Any CPU.ActiveCfg = Debug|Any CPU
		{755B2ED6-5539-479A-87EB-25E40BC37540}.Debug|Any CPU.Build.0 = Debug|Any CPU
		{755B2ED6-5539-479A-87EB-25E40BC37540}.Debug|ARM.ActiveCfg = Debug|Any CPU
		{755B2ED6-5539-479A-87EB-25E40BC37540}.Debug|ARM.Build.0 = Debug|Any CPU
		{755B2ED6-5539-479A-87EB-25E40BC37540}.Debug|ARM64.ActiveCfg = Debug|Any CPU
		{755B2ED6-5539-479A-87EB-25E40BC37540}.Debug|ARM64.Build.0 = Debug|Any CPU
		{755B2ED6-5539-479A-87EB-25E40BC37540}.Debug|x64.ActiveCfg = Debug|Any CPU
		{755B2ED6-5539-479A-87EB-25E40BC37540}.Debug|x64.Build.0 = Debug|Any CPU
		{755B2ED6-5539-479A-87EB-25E40BC37540}.Debug|x86.ActiveCfg = Debug|Any CPU
		{755B2ED6-5539-479A-87EB-25E40BC37540}.Debug|x86.Build.0 = Debug|Any CPU
		{755B2ED6-5539-479A-87EB-25E40BC37540}.Release|Any CPU.ActiveCfg = Release|Any CPU
		{755B2ED6-5539-479A-87EB-25E40BC37540}.Release|Any CPU.Build.0 = Release|Any CPU
		{755B2ED6-5539-479A-87EB-25E40BC37540}.Release|ARM.ActiveCfg = Release|Any CPU
		{755B2ED6-5539-479A-87EB-25E40BC37540}.Release|ARM.Build.0 = Release|Any CPU
		{755B2ED6-5539-479A-87EB-25E40BC37540}.Release|ARM64.ActiveCfg = Release|Any CPU
		{755B2ED6-5539-479A-87EB-25E40BC37540}.Release|ARM64.Build.0 = Release|Any CPU
		{755B2ED6-5539-479A-87EB-25E40BC37540}.Release|x64.ActiveCfg = Release|Any CPU
		{755B2ED6-5539-479A-87EB-25E40BC37540}.Release|x64.Build.0 = Release|Any CPU
		{755B2ED6-5539-479A-87EB-25E40BC37540}.Release|x86.ActiveCfg = Release|Any CPU
		{755B2ED6-5539-479A-87EB-25E40BC37540}.Release|x86.Build.0 = Release|Any CPU
		{C118ACA9-74E7-4433-8433-452B33A77716}.Debug|Any CPU.ActiveCfg = Debug|x64
		{C118ACA9-74E7-4433-8433-452B33A77716}.Debug|Any CPU.Build.0 = Debug|x64
		{C118ACA9-74E7-4433-8433-452B33A77716}.Debug|ARM.ActiveCfg = Debug|Win32
		{C118ACA9-74E7-4433-8433-452B33A77716}.Debug|ARM64.ActiveCfg = Debug|Win32
		{C118ACA9-74E7-4433-8433-452B33A77716}.Debug|x64.ActiveCfg = Debug|x64
		{C118ACA9-74E7-4433-8433-452B33A77716}.Debug|x64.Build.0 = Debug|x64
		{C118ACA9-74E7-4433-8433-452B33A77716}.Debug|x86.ActiveCfg = Debug|Win32
		{C118ACA9-74E7-4433-8433-452B33A77716}.Debug|x86.Build.0 = Debug|Win32
		{C118ACA9-74E7-4433-8433-452B33A77716}.Release|Any CPU.ActiveCfg = Release|x64
		{C118ACA9-74E7-4433-8433-452B33A77716}.Release|Any CPU.Build.0 = Release|x64
		{C118ACA9-74E7-4433-8433-452B33A77716}.Release|ARM.ActiveCfg = Release|Win32
		{C118ACA9-74E7-4433-8433-452B33A77716}.Release|ARM64.ActiveCfg = Release|Win32
		{C118ACA9-74E7-4433-8433-452B33A77716}.Release|x64.ActiveCfg = Release|x64
		{C118ACA9-74E7-4433-8433-452B33A77716}.Release|x64.Build.0 = Release|x64
		{C118ACA9-74E7-4433-8433-452B33A77716}.Release|x86.ActiveCfg = Release|Win32
		{C118ACA9-74E7-4433-8433-452B33A77716}.Release|x86.Build.0 = Release|Win32
		{8BF8F3E9-6409-4BAA-BC37-D602543FED04}.Debug|Any CPU.ActiveCfg = Debug|x64
		{8BF8F3E9-6409-4BAA-BC37-D602543FED04}.Debug|Any CPU.Build.0 = Debug|x64
		{8BF8F3E9-6409-4BAA-BC37-D602543FED04}.Debug|ARM.ActiveCfg = Debug|x64
		{8BF8F3E9-6409-4BAA-BC37-D602543FED04}.Debug|ARM.Build.0 = Debug|x64
		{8BF8F3E9-6409-4BAA-BC37-D602543FED04}.Debug|ARM64.ActiveCfg = Debug|x64
		{8BF8F3E9-6409-4BAA-BC37-D602543FED04}.Debug|ARM64.Build.0 = Debug|x64
		{8BF8F3E9-6409-4BAA-BC37-D602543FED04}.Debug|x64.ActiveCfg = Debug|x64
		{8BF8F3E9-6409-4BAA-BC37-D602543FED04}.Debug|x64.Build.0 = Debug|x64
		{8BF8F3E9-6409-4BAA-BC37-D602543FED04}.Debug|x86.ActiveCfg = Debug|Win32
		{8BF8F3E9-6409-4BAA-BC37-D602543FED04}.Debug|x86.Build.0 = Debug|Win32
		{8BF8F3E9-6409-4BAA-BC37-D602543FED04}.Release|Any CPU.ActiveCfg = Release|x64
		{8BF8F3E9-6409-4BAA-BC37-D602543FED04}.Release|Any CPU.Build.0 = Release|x64
		{8BF8F3E9-6409-4BAA-BC37-D602543FED04}.Release|ARM.ActiveCfg = Release|x64
		{8BF8F3E9-6409-4BAA-BC37-D602543FED04}.Release|ARM.Build.0 = Release|x64
		{8BF8F3E9-6409-4BAA-BC37-D602543FED04}.Release|ARM64.ActiveCfg = Release|x64
		{8BF8F3E9-6409-4BAA-BC37-D602543FED04}.Release|ARM64.Build.0 = Release|x64
		{8BF8F3E9-6409-4BAA-BC37-D602543FED04}.Release|x64.ActiveCfg = Release|x64
		{8BF8F3E9-6409-4BAA-BC37-D602543FED04}.Release|x64.Build.0 = Release|x64
		{8BF8F3E9-6409-4BAA-BC37-D602543FED04}.Release|x86.ActiveCfg = Release|Win32
		{8BF8F3E9-6409-4BAA-BC37-D602543FED04}.Release|x86.Build.0 = Release|Win32
		{9C5101EF-3E20-4558-809B-277FDD50E878}.Debug|Any CPU.ActiveCfg = Debug|x64
		{9C5101EF-3E20-4558-809B-277FDD50E878}.Debug|Any CPU.Build.0 = Debug|x64
		{9C5101EF-3E20-4558-809B-277FDD50E878}.Debug|ARM.ActiveCfg = Debug|ARM
		{9C5101EF-3E20-4558-809B-277FDD50E878}.Debug|ARM.Build.0 = Debug|ARM
		{9C5101EF-3E20-4558-809B-277FDD50E878}.Debug|ARM64.ActiveCfg = Debug|ARM64
		{9C5101EF-3E20-4558-809B-277FDD50E878}.Debug|ARM64.Build.0 = Debug|ARM64
		{9C5101EF-3E20-4558-809B-277FDD50E878}.Debug|x64.ActiveCfg = Debug|x64
		{9C5101EF-3E20-4558-809B-277FDD50E878}.Debug|x64.Build.0 = Debug|x64
		{9C5101EF-3E20-4558-809B-277FDD50E878}.Debug|x86.ActiveCfg = Debug|Win32
		{9C5101EF-3E20-4558-809B-277FDD50E878}.Debug|x86.Build.0 = Debug|Win32
		{9C5101EF-3E20-4558-809B-277FDD50E878}.Release|Any CPU.ActiveCfg = Release|x64
		{9C5101EF-3E20-4558-809B-277FDD50E878}.Release|Any CPU.Build.0 = Release|x64
		{9C5101EF-3E20-4558-809B-277FDD50E878}.Release|ARM.ActiveCfg = Release|ARM
		{9C5101EF-3E20-4558-809B-277FDD50E878}.Release|ARM.Build.0 = Release|ARM
		{9C5101EF-3E20-4558-809B-277FDD50E878}.Release|ARM64.ActiveCfg = Release|ARM64
		{9C5101EF-3E20-4558-809B-277FDD50E878}.Release|ARM64.Build.0 = Release|ARM64
		{9C5101EF-3E20-4558-809B-277FDD50E878}.Release|x64.ActiveCfg = Release|x64
		{9C5101EF-3E20-4558-809B-277FDD50E878}.Release|x64.Build.0 = Release|x64
		{9C5101EF-3E20-4558-809B-277FDD50E878}.Release|x86.ActiveCfg = Release|Win32
		{9C5101EF-3E20-4558-809B-277FDD50E878}.Release|x86.Build.0 = Release|Win32
		{7ADFAFB9-0A83-4D35-9891-FB24FDF30B53}.Debug|Any CPU.ActiveCfg = Debug|x64
		{7ADFAFB9-0A83-4D35-9891-FB24FDF30B53}.Debug|Any CPU.Build.0 = Debug|x64
		{7ADFAFB9-0A83-4D35-9891-FB24FDF30B53}.Debug|ARM.ActiveCfg = Debug|ARM
		{7ADFAFB9-0A83-4D35-9891-FB24FDF30B53}.Debug|ARM.Build.0 = Debug|ARM
		{7ADFAFB9-0A83-4D35-9891-FB24FDF30B53}.Debug|ARM64.ActiveCfg = Debug|ARM64
		{7ADFAFB9-0A83-4D35-9891-FB24FDF30B53}.Debug|ARM64.Build.0 = Debug|ARM64
		{7ADFAFB9-0A83-4D35-9891-FB24FDF30B53}.Debug|x64.ActiveCfg = Debug|x64
		{7ADFAFB9-0A83-4D35-9891-FB24FDF30B53}.Debug|x64.Build.0 = Debug|x64
		{7ADFAFB9-0A83-4D35-9891-FB24FDF30B53}.Debug|x86.ActiveCfg = Debug|Win32
		{7ADFAFB9-0A83-4D35-9891-FB24FDF30B53}.Debug|x86.Build.0 = Debug|Win32
		{7ADFAFB9-0A83-4D35-9891-FB24FDF30B53}.Release|Any CPU.ActiveCfg = Release|x64
		{7ADFAFB9-0A83-4D35-9891-FB24FDF30B53}.Release|Any CPU.Build.0 = Release|x64
		{7ADFAFB9-0A83-4D35-9891-FB24FDF30B53}.Release|ARM.ActiveCfg = Release|ARM
		{7ADFAFB9-0A83-4D35-9891-FB24FDF30B53}.Release|ARM.Build.0 = Release|ARM
		{7ADFAFB9-0A83-4D35-9891-FB24FDF30B53}.Release|ARM64.ActiveCfg = Release|ARM64
		{7ADFAFB9-0A83-4D35-9891-FB24FDF30B53}.Release|ARM64.Build.0 = Release|ARM64
		{7ADFAFB9-0A83-4D35-9891-FB24FDF30B53}.Release|x64.ActiveCfg = Release|x64
		{7ADFAFB9-0A83-4D35-9891-FB24FDF30B53}.Release|x64.Build.0 = Release|x64
		{7ADFAFB9-0A83-4D35-9891-FB24FDF30B53}.Release|x86.ActiveCfg = Release|Win32
		{7ADFAFB9-0A83-4D35-9891-FB24FDF30B53}.Release|x86.Build.0 = Release|Win32
		{D8D5E11C-F959-49EF-B741-B3F6DE52DED8}.Debug|Any CPU.ActiveCfg = Debug|x64
		{D8D5E11C-F959-49EF-B741-B3F6DE52DED8}.Debug|Any CPU.Build.0 = Debug|x64
		{D8D5E11C-F959-49EF-B741-B3F6DE52DED8}.Debug|ARM.ActiveCfg = Debug|ARM
		{D8D5E11C-F959-49EF-B741-B3F6DE52DED8}.Debug|ARM.Build.0 = Debug|ARM
		{D8D5E11C-F959-49EF-B741-B3F6DE52DED8}.Debug|ARM64.ActiveCfg = Debug|ARM64
		{D8D5E11C-F959-49EF-B741-B3F6DE52DED8}.Debug|ARM64.Build.0 = Debug|ARM64
		{D8D5E11C-F959-49EF-B741-B3F6DE52DED8}.Debug|x64.ActiveCfg = Debug|x64
		{D8D5E11C-F959-49EF-B741-B3F6DE52DED8}.Debug|x64.Build.0 = Debug|x64
		{D8D5E11C-F959-49EF-B741-B3F6DE52DED8}.Debug|x86.ActiveCfg = Debug|Win32
		{D8D5E11C-F959-49EF-B741-B3F6DE52DED8}.Debug|x86.Build.0 = Debug|Win32
		{D8D5E11C-F959-49EF-B741-B3F6DE52DED8}.Release|Any CPU.ActiveCfg = Release|x64
		{D8D5E11C-F959-49EF-B741-B3F6DE52DED8}.Release|Any CPU.Build.0 = Release|x64
		{D8D5E11C-F959-49EF-B741-B3F6DE52DED8}.Release|ARM.ActiveCfg = Release|ARM
		{D8D5E11C-F959-49EF-B741-B3F6DE52DED8}.Release|ARM.Build.0 = Release|ARM
		{D8D5E11C-F959-49EF-B741-B3F6DE52DED8}.Release|ARM64.ActiveCfg = Release|ARM64
		{D8D5E11C-F959-49EF-B741-B3F6DE52DED8}.Release|ARM64.Build.0 = Release|ARM64
		{D8D5E11C-F959-49EF-B741-B3F6DE52DED8}.Release|x64.ActiveCfg = Release|x64
		{D8D5E11C-F959-49EF-B741-B3F6DE52DED8}.Release|x64.Build.0 = Release|x64
		{D8D5E11C-F959-49EF-B741-B3F6DE52DED8}.Release|x86.ActiveCfg = Release|Win32
		{D8D5E11C-F959-49EF-B741-B3F6DE52DED8}.Release|x86.Build.0 = Release|Win32
		{B544DCB7-16E5-41BC-B51B-7EAD8CFDFA05}.Debug|Any CPU.ActiveCfg = Debug|x64
		{B544DCB7-16E5-41BC-B51B-7EAD8CFDFA05}.Debug|Any CPU.Build.0 = Debug|x64
		{B544DCB7-16E5-41BC-B51B-7EAD8CFDFA05}.Debug|ARM.ActiveCfg = Debug|ARM
		{B544DCB7-16E5-41BC-B51B-7EAD8CFDFA05}.Debug|ARM.Build.0 = Debug|ARM
		{B544DCB7-16E5-41BC-B51B-7EAD8CFDFA05}.Debug|ARM64.ActiveCfg = Debug|ARM64
		{B544DCB7-16E5-41BC-B51B-7EAD8CFDFA05}.Debug|ARM64.Build.0 = Debug|ARM64
		{B544DCB7-16E5-41BC-B51B-7EAD8CFDFA05}.Debug|x64.ActiveCfg = Debug|x64
		{B544DCB7-16E5-41BC-B51B-7EAD8CFDFA05}.Debug|x64.Build.0 = Debug|x64
		{B544DCB7-16E5-41BC-B51B-7EAD8CFDFA05}.Debug|x86.ActiveCfg = Debug|Win32
		{B544DCB7-16E5-41BC-B51B-7EAD8CFDFA05}.Debug|x86.Build.0 = Debug|Win32
		{B544DCB7-16E5-41BC-B51B-7EAD8CFDFA05}.Release|Any CPU.ActiveCfg = Release|x64
		{B544DCB7-16E5-41BC-B51B-7EAD8CFDFA05}.Release|Any CPU.Build.0 = Release|x64
		{B544DCB7-16E5-41BC-B51B-7EAD8CFDFA05}.Release|ARM.ActiveCfg = Release|ARM
		{B544DCB7-16E5-41BC-B51B-7EAD8CFDFA05}.Release|ARM.Build.0 = Release|ARM
		{B544DCB7-16E5-41BC-B51B-7EAD8CFDFA05}.Release|ARM64.ActiveCfg = Release|ARM64
		{B544DCB7-16E5-41BC-B51B-7EAD8CFDFA05}.Release|ARM64.Build.0 = Release|ARM64
		{B544DCB7-16E5-41BC-B51B-7EAD8CFDFA05}.Release|x64.ActiveCfg = Release|x64
		{B544DCB7-16E5-41BC-B51B-7EAD8CFDFA05}.Release|x64.Build.0 = Release|x64
		{B544DCB7-16E5-41BC-B51B-7EAD8CFDFA05}.Release|x86.ActiveCfg = Release|Win32
		{B544DCB7-16E5-41BC-B51B-7EAD8CFDFA05}.Release|x86.Build.0 = Release|Win32
		{F1CBEDBF-6A58-4448-92F2-5427E8C75C77}.Debug|Any CPU.ActiveCfg = Debug|Any CPU
		{F1CBEDBF-6A58-4448-92F2-5427E8C75C77}.Debug|Any CPU.Build.0 = Debug|Any CPU
		{F1CBEDBF-6A58-4448-92F2-5427E8C75C77}.Debug|ARM.ActiveCfg = Debug|Any CPU
		{F1CBEDBF-6A58-4448-92F2-5427E8C75C77}.Debug|ARM.Build.0 = Debug|Any CPU
		{F1CBEDBF-6A58-4448-92F2-5427E8C75C77}.Debug|ARM64.ActiveCfg = Debug|Any CPU
		{F1CBEDBF-6A58-4448-92F2-5427E8C75C77}.Debug|ARM64.Build.0 = Debug|Any CPU
		{F1CBEDBF-6A58-4448-92F2-5427E8C75C77}.Debug|x64.ActiveCfg = Debug|Any CPU
		{F1CBEDBF-6A58-4448-92F2-5427E8C75C77}.Debug|x64.Build.0 = Debug|Any CPU
		{F1CBEDBF-6A58-4448-92F2-5427E8C75C77}.Debug|x86.ActiveCfg = Debug|Any CPU
		{F1CBEDBF-6A58-4448-92F2-5427E8C75C77}.Debug|x86.Build.0 = Debug|Any CPU
		{F1CBEDBF-6A58-4448-92F2-5427E8C75C77}.Release|Any CPU.ActiveCfg = Release|Any CPU
		{F1CBEDBF-6A58-4448-92F2-5427E8C75C77}.Release|Any CPU.Build.0 = Release|Any CPU
		{F1CBEDBF-6A58-4448-92F2-5427E8C75C77}.Release|ARM.ActiveCfg = Release|Any CPU
		{F1CBEDBF-6A58-4448-92F2-5427E8C75C77}.Release|ARM.Build.0 = Release|Any CPU
		{F1CBEDBF-6A58-4448-92F2-5427E8C75C77}.Release|ARM64.ActiveCfg = Release|Any CPU
		{F1CBEDBF-6A58-4448-92F2-5427E8C75C77}.Release|ARM64.Build.0 = Release|Any CPU
		{F1CBEDBF-6A58-4448-92F2-5427E8C75C77}.Release|x64.ActiveCfg = Release|Any CPU
		{F1CBEDBF-6A58-4448-92F2-5427E8C75C77}.Release|x64.Build.0 = Release|Any CPU
		{F1CBEDBF-6A58-4448-92F2-5427E8C75C77}.Release|x86.ActiveCfg = Release|Any CPU
		{F1CBEDBF-6A58-4448-92F2-5427E8C75C77}.Release|x86.Build.0 = Release|Any CPU
	EndGlobalSection
	GlobalSection(SolutionProperties) = preSolution
		HideSolutionNode = FALSE
	EndGlobalSection
	GlobalSection(NestedProjects) = preSolution
		{EBEBED4A-5B1A-4EB2-85FE-6E73C88B50DE} = {BEDBDAFB-EA4C-408A-8885-43C13C49A43F}
		{755B2ED6-5539-479A-87EB-25E40BC37540} = {BEDBDAFB-EA4C-408A-8885-43C13C49A43F}
		{72FFC588-33D1-47EA-980B-183B73954F38} = {BEDBDAFB-EA4C-408A-8885-43C13C49A43F}
		{C118ACA9-74E7-4433-8433-452B33A77716} = {72FFC588-33D1-47EA-980B-183B73954F38}
		{8BF8F3E9-6409-4BAA-BC37-D602543FED04} = {72FFC588-33D1-47EA-980B-183B73954F38}
		{9C5101EF-3E20-4558-809B-277FDD50E878} = {72FFC588-33D1-47EA-980B-183B73954F38}
		{7ADFAFB9-0A83-4D35-9891-FB24FDF30B53} = {72FFC588-33D1-47EA-980B-183B73954F38}
		{D8D5E11C-F959-49EF-B741-B3F6DE52DED8} = {72FFC588-33D1-47EA-980B-183B73954F38}
		{B544DCB7-16E5-41BC-B51B-7EAD8CFDFA05} = {72FFC588-33D1-47EA-980B-183B73954F38}
	EndGlobalSection
	GlobalSection(ExtensibilityGlobals) = postSolution
		SolutionGuid = {861E1B58-1E1F-4577-85A2-247515166522}
	EndGlobalSection
EndGlobal
